{
  "version": 4,
  "terraform_version": "1.15.2",
  "serial": 271,
  "lineage": "c3587298-160b-a780-e014-9ec904b881b8",
  "outputs": {
    "alb_dns": {
      "value": "mylb-2085874754.us-east-1.elb.amazonaws.com",
      "type": "string"
    },
    "cloudfront_url": {
      "value": "d4dz2qh1jff4y.cloudfront.net",
      "type": "string"
    },
    "rds_endpoint": {
      "value": "terraform-20260516195423508500000004.cahmii8o2pnh.us-east-1.rds.amazonaws.com",
      "type": "string"
    }
  },
  "resources": [
    {
      "mode": "managed",
      "type": "aws_autoscaling_group",
      "name": "bar",
      "provider": "provider[\"registry.terraform.io/hashicorp/aws\"]",
      "instances": [
        {
          "schema_version": 1,
          "attributes": {
            "arn": "arn:aws:autoscaling:us-east-1:396890348614:autoScalingGroup:42ed23e6-129a-41e1-8c2d-92eb69433480:autoScalingGroupName/terraform-20260516195933268300000008",
            "availability_zone_distribution": [
              {
                "capacity_distribution_strategy": "balanced-best-effort"
              }
            ],
            "availability_zones": [
              "us-east-1a",
              "us-east-1b"
            ],
            "capacity_rebalance": false,
            "capacity_reservation_specification": [
              {
                "capacity_reservation_preference": "default",
                "capacity_reservation_target": []
              }
            ],
            "context": "",
            "default_cooldown": 300,
            "default_instance_warmup": 0,
            "desired_capacity": 1,
            "desired_capacity_type": "",
            "enabled_metrics": null,
            "force_delete": false,
            "force_delete_warm_pool": false,
            "health_check_grace_period": 300,
            "health_check_type": "EC2",
            "id": "terraform-20260516195933268300000008",
            "ignore_failed_scaling_activities": false,
            "initial_lifecycle_hook": [],
            "instance_maintenance_policy": [],
            "instance_refresh": [],
            "launch_configuration": "",
            "launch_template": [
              {
                "id": "lt-066c013b0ec8075d4",
                "name": "my_lt",
                "version": "$Latest"
              }
            ],
            "load_balancers": [],
            "max_instance_lifetime": 0,
            "max_size": 2,
            "metrics_granularity": "1Minute",
            "min_elb_capacity": null,
            "min_size": 1,
            "mixed_instances_policy": [],
            "name": "terraform-20260516195933268300000008",
            "name_prefix": "terraform-",
            "placement_group": "",
            "predicted_capacity": 0,
            "protect_from_scale_in": false,
            "region": "us-east-1",
            "service_linked_role_arn": "arn:aws:iam::396890348614:role/aws-service-role/autoscaling.amazonaws.com/AWSServiceRoleForAutoScaling",
            "suspended_processes": null,
            "tag": [],
            "target_group_arns": [
              "arn:aws:elasticloadbalancing:us-east-1:396890348614:targetgroup/mytg/8b6138fd218519ed"
            ],
            "termination_policies": null,
            "timeouts": null,
            "traffic_source": [
              {
                "identifier": "arn:aws:elasticloadbalancing:us-east-1:396890348614:targetgroup/mytg/8b6138fd218519ed",
                "type": "elbv2"
              }
            ],
            "vpc_zone_identifier": [
              "subnet-06262dd8db5e05446",
              "subnet-0c3c26103ea4703cd"
            ],
            "wait_for_capacity_timeout": "10m",
            "wait_for_elb_capacity": null,
            "warm_pool": [],
            "warm_pool_size": 0
          },
          "sensitive_attributes": [],
          "identity_schema_version": 0,
          "identity": {
            "account_id": "396890348614",
            "name": "terraform-20260516195933268300000008",
            "region": "us-east-1"
          },
          "private": "eyJlMmJmYjczMC1lY2FhLTExZTYtOGY4OC0zNDM2M2JjN2M0YzAiOnsiZGVsZXRlIjo2MDAwMDAwMDAwMDAsInVwZGF0ZSI6NjAwMDAwMDAwMDAwfSwic2NoZW1hX3ZlcnNpb24iOiIxIn0=",
          "dependencies": [
            "aws_db_instance.my_rds",
            "aws_db_subnet_group.rds_sg",
            "aws_iam_instance_profile.ec2_profile",
            "aws_iam_role.ec2_role",
            "aws_launch_template.my_lt",
            "aws_lb_target_group.mytg",
            "aws_security_group.ec2_sg",
            "aws_security_group.rds_sg",
            "aws_subnet.privatedbsubnet1",
            "aws_subnet.privatedbsubnet2",
            "aws_subnet.publicappsubnet1",
            "aws_subnet.publicappsubnet2",
            "aws_vpc.my_vpc"
          ]
        }
      ]
    },
    {
      "mode": "managed",
      "type": "aws_autoscaling_policy",
      "name": "my_asp",
      "provider": "provider[\"registry.terraform.io/hashicorp/aws\"]",
      "instances": [
        {
          "schema_version": 0,
          "attributes": {
            "adjustment_type": "ChangeInCapacity",
            "arn": "arn:aws:autoscaling:us-east-1:396890348614:scalingPolicy:3c6702f3-0b81-4cb5-ae84-179f2462e89f:autoScalingGroupName/terraform-20260516195933268300000008:policyName/my_asp",
            "autoscaling_group_name": "terraform-20260516195933268300000008",
            "cooldown": 300,
            "enabled": true,
            "estimated_instance_warmup": 0,
            "id": "my_asp",
            "metric_aggregation_type": "",
            "min_adjustment_magnitude": 0,
            "name": "my_asp",
            "policy_type": "SimpleScaling",
            "predictive_scaling_configuration": [],
            "region": "us-east-1",
            "scaling_adjustment": 1,
            "step_adjustment": [],
            "target_tracking_configuration": []
          },
          "sensitive_attributes": [],
          "identity_schema_version": 0,
          "identity": {
            "account_id": "396890348614",
            "autoscaling_group_name": "terraform-20260516195933268300000008",
            "name": "my_asp",
            "region": "us-east-1"
          },
          "private": "bnVsbA==",
          "dependencies": [
            "aws_autoscaling_group.bar",
            "aws_db_instance.my_rds",
            "aws_db_subnet_group.rds_sg",
            "aws_iam_instance_profile.ec2_profile",
            "aws_iam_role.ec2_role",
            "aws_launch_template.my_lt",
            "aws_lb_target_group.mytg",
            "aws_security_group.ec2_sg",
            "aws_security_group.rds_sg",
            "aws_subnet.privatedbsubnet1",
            "aws_subnet.privatedbsubnet2",
            "aws_subnet.publicappsubnet1",
            "aws_subnet.publicappsubnet2",
            "aws_vpc.my_vpc"
          ]
        }
      ]
    },
    {
      "mode": "managed",
      "type": "aws_cloudfront_distribution",
      "name": "my_cf",
      "provider": "provider[\"registry.terraform.io/hashicorp/aws\"]",
      "instances": [
        {
          "schema_version": 1,
          "attributes": {
            "aliases": null,
            "anycast_ip_list_id": "",
            "arn": "arn:aws:cloudfront::396890348614:distribution/E1RK6EJ01RZWHU",
            "caller_reference": "terraform-20260516195708999200000001",
            "comment": null,
            "connection_function_association": [],
            "continuous_deployment_policy_id": "",
            "custom_error_response": [],
            "default_cache_behavior": [
              {
                "allowed_methods": [
                  "DELETE",
                  "GET",
                  "HEAD",
                  "OPTIONS",
                  "PATCH",
                  "POST",
                  "PUT"
                ],
                "cache_policy_id": "",
                "cached_methods": [
                  "GET",
                  "HEAD"
                ],
                "compress": false,
                "default_ttl": 0,
                "field_level_encryption_id": "",
                "forwarded_values": [
                  {
                    "cookies": [
                      {
                        "forward": "all",
                        "whitelisted_names": []
                      }
                    ],
                    "headers": [],
                    "query_string": true,
                    "query_string_cache_keys": []
                  }
                ],
                "function_association": [],
                "grpc_config": [
                  {
                    "enabled": false
                  }
                ],
                "lambda_function_association": [],
                "max_ttl": 0,
                "min_ttl": 0,
                "origin_request_policy_id": "",
                "realtime_log_config_arn": "",
                "response_headers_policy_id": "",
                "smooth_streaming": false,
                "target_origin_id": "ALBOrigin",
                "trusted_key_groups": [],
                "trusted_signers": [],
                "viewer_protocol_policy": "redirect-to-https"
              }
            ],
            "default_root_object": "",
            "domain_name": "d4dz2qh1jff4y.cloudfront.net",
            "enabled": true,
            "etag": "E23ZP02F085DFQ",
            "hosted_zone_id": "Z2FDTNDATAQYW2",
            "http_version": "http2",
            "id": "E1RK6EJ01RZWHU",
            "in_progress_validation_batches": 0,
            "is_ipv6_enabled": false,
            "last_modified_time": "2026-05-16 19:57:10.365 +0000 UTC",
            "logging_config": [],
            "logging_v1_enabled": false,
            "ordered_cache_behavior": [],
            "origin": [
              {
                "connection_attempts": 3,
                "connection_timeout": 10,
                "custom_header": [],
                "custom_origin_config": [
                  {
                    "http_port": 80,
                    "https_port": 443,
                    "ip_address_type": "",
                    "origin_keepalive_timeout": 5,
                    "origin_protocol_policy": "http-only",
                    "origin_read_timeout": 30,
                    "origin_ssl_protocols": [
                      "TLSv1.2"
                    ]
                  }
                ],
                "domain_name": "mylb-2085874754.us-east-1.elb.amazonaws.com",
                "origin_access_control_id": "",
                "origin_id": "ALBOrigin",
                "origin_path": "",
                "origin_shield": [],
                "response_completion_timeout": 0,
                "s3_origin_config": [],
                "vpc_origin_config": []
              }
            ],
            "origin_group": [],
            "price_class": "PriceClass_All",
            "restrictions": [
              {
                "geo_restriction": [
                  {
                    "locations": [],
                    "restriction_type": "none"
                  }
                ]
              }
            ],
            "retain_on_delete": false,
            "staging": false,
            "status": "Deployed",
            "tags": {
              "Name": "my_cf"
            },
            "tags_all": {
              "Name": "my_cf"
            },
            "trusted_key_groups": [
              {
                "enabled": false,
                "items": []
              }
            ],
            "trusted_signers": [
              {
                "enabled": false,
                "items": []
              }
            ],
            "viewer_certificate": [
              {
                "acm_certificate_arn": "",
                "cloudfront_default_certificate": true,
                "iam_certificate_id": "",
                "minimum_protocol_version": "TLSv1",
                "ssl_support_method": ""
              }
            ],
            "viewer_mtls_config": [],
            "wait_for_deployment": true,
            "web_acl_id": ""
          },
          "sensitive_attributes": [],
          "identity_schema_version": 0,
          "identity": {
            "account_id": "396890348614",
            "id": "E1RK6EJ01RZWHU"
          },
          "private": "eyJzY2hlbWFfdmVyc2lvbiI6IjEifQ==",
          "dependencies": [
            "aws_lb.mylb",
            "aws_security_group.alb_sg",
            "aws_subnet.publicappsubnet1",
            "aws_subnet.publicappsubnet2",
            "aws_vpc.my_vpc"
          ]
        }
      ]
    },
    {
      "mode": "managed",
      "type": "aws_cloudwatch_metric_alarm",
      "name": "alb_5xx_alarm",
      "provider": "provider[\"registry.terraform.io/hashicorp/aws\"]",
      "instances": [
        {
          "schema_version": 1,
          "attributes": {
            "actions_enabled": true,
            "alarm_actions": [
              "arn:aws:sns:us-east-1:396890348614:errors-topic"
            ],
            "alarm_description": "Triggers when ALB 5XX errors exceed threshold",
            "alarm_name": "alb_5xx_alarm",
            "arn": "arn:aws:cloudwatch:us-east-1:396890348614:alarm:alb_5xx_alarm",
            "comparison_operator": "GreaterThanOrEqualToThreshold",
            "datapoints_to_alarm": 0,
            "dimensions": {
              "LoadBalancer": "app/mylb/9b0f0cc7b8c5cfcd"
            },
            "evaluate_low_sample_count_percentiles": "",
            "evaluation_criteria": [],
            "evaluation_interval": 0,
            "evaluation_periods": 1,
            "extended_statistic": "",
            "id": "alb_5xx_alarm",
            "insufficient_data_actions": null,
            "metric_name": "HTTPCode_Target_5XX_Count",
            "metric_query": [],
            "namespace": "AWS/ApplicationELB",
            "ok_actions": null,
            "period": 60,
            "region": "us-east-1",
            "statistic": "Sum",
            "tags": null,
            "tags_all": {},
            "threshold": 10,
            "threshold_metric_id": "",
            "treat_missing_data": "missing",
            "unit": ""
          },
          "sensitive_attributes": [],
          "identity_schema_version": 0,
          "identity": {
            "account_id": "396890348614",
            "alarm_name": "alb_5xx_alarm",
            "region": "us-east-1"
          },
          "private": "eyJzY2hlbWFfdmVyc2lvbiI6IjEifQ==",
          "dependencies": [
            "aws_lb.mylb",
            "aws_security_group.alb_sg",
            "aws_sns_topic.errors",
            "aws_subnet.publicappsubnet1",
            "aws_subnet.publicappsubnet2",
            "aws_vpc.my_vpc"
          ]
        }
      ]
    },
    {
      "mode": "managed",
      "type": "aws_cloudwatch_metric_alarm",
      "name": "ec2_cpu_alarm",
      "provider": "provider[\"registry.terraform.io/hashicorp/aws\"]",
      "instances": [
        {
          "schema_version": 1,
          "attributes": {
            "actions_enabled": true,
            "alarm_actions": [
              "arn:aws:autoscaling:us-east-1:396890348614:scalingPolicy:3c6702f3-0b81-4cb5-ae84-179f2462e89f:autoScalingGroupName/terraform-20260516195933268300000008:policyName/my_asp",
              "arn:aws:sns:us-east-1:396890348614:ec2-cpu-usage-topic"
            ],
            "alarm_description": "Triggers when ec2 cpu utilization exceeds threshold",
            "alarm_name": "ec2_cpu_alarm",
            "arn": "arn:aws:cloudwatch:us-east-1:396890348614:alarm:ec2_cpu_alarm",
            "comparison_operator": "GreaterThanOrEqualToThreshold",
            "datapoints_to_alarm": 0,
            "dimensions": {
              "AutoScalingGroupName": "terraform-20260516195933268300000008"
            },
            "evaluate_low_sample_count_percentiles": "",
            "evaluation_criteria": [],
            "evaluation_interval": 0,
            "evaluation_periods": 2,
            "extended_statistic": "",
            "id": "ec2_cpu_alarm",
            "insufficient_data_actions": null,
            "metric_name": "CPUUtilization",
            "metric_query": [],
            "namespace": "AWS/EC2",
            "ok_actions": null,
            "period": 120,
            "region": "us-east-1",
            "statistic": "Average",
            "tags": null,
            "tags_all": {},
            "threshold": 80,
            "threshold_metric_id": "",
            "treat_missing_data": "missing",
            "unit": ""
          },
          "sensitive_attributes": [],
          "identity_schema_version": 0,
          "identity": {
            "account_id": "396890348614",
            "alarm_name": "ec2_cpu_alarm",
            "region": "us-east-1"
          },
          "private": "eyJzY2hlbWFfdmVyc2lvbiI6IjEifQ==",
          "dependencies": [
            "aws_autoscaling_group.bar",
            "aws_autoscaling_policy.my_asp",
            "aws_db_instance.my_rds",
            "aws_db_subnet_group.rds_sg",
            "aws_iam_instance_profile.ec2_profile",
            "aws_iam_role.ec2_role",
            "aws_launch_template.my_lt",
            "aws_lb_target_group.mytg",
            "aws_security_group.ec2_sg",
            "aws_security_group.rds_sg",
            "aws_sns_topic.ec2cpuusage",
            "aws_subnet.privatedbsubnet1",
            "aws_subnet.privatedbsubnet2",
            "aws_subnet.publicappsubnet1",
            "aws_subnet.publicappsubnet2",
            "aws_vpc.my_vpc"
          ]
        }
      ]
    },
    {
      "mode": "managed",
      "type": "aws_db_instance",
      "name": "my_rds",
      "provider": "provider[\"registry.terraform.io/hashicorp/aws\"]",
      "instances": [
        {
          "schema_version": 2,
          "attributes": {
            "address": "terraform-20260516195423508500000004.cahmii8o2pnh.us-east-1.rds.amazonaws.com",
            "allocated_storage": 20,
            "allow_major_version_upgrade": null,
            "apply_immediately": false,
            "arn": "arn:aws:rds:us-east-1:396890348614:db:terraform-20260516195423508500000004",
            "auto_minor_version_upgrade": true,
            "availability_zone": "us-east-1a",
            "backup_retention_period": 0,
            "backup_target": "region",
            "backup_window": "09:48-10:18",
            "blue_green_update": [],
            "ca_cert_identifier": "rds-ca-rsa2048-g1",
            "character_set_name": "",
            "copy_tags_to_snapshot": false,
            "custom_iam_instance_profile": "",
            "customer_owned_ip_enabled": false,
            "database_insights_mode": "standard",
            "db_name": "my_rds",
            "db_subnet_group_name": "main",
            "dedicated_log_volume": false,
            "delete_automated_backups": true,
            "deletion_protection": false,
            "domain": "",
            "domain_auth_secret_arn": "",
            "domain_dns_ips": null,
            "domain_fqdn": "",
            "domain_iam_role_name": "",
            "domain_ou": "",
            "enabled_cloudwatch_logs_exports": null,
            "endpoint": "terraform-20260516195423508500000004.cahmii8o2pnh.us-east-1.rds.amazonaws.com:3306",
            "engine": "mysql",
            "engine_lifecycle_support": "open-source-rds-extended-support",
            "engine_version": "8.0",
            "engine_version_actual": "8.0.45",
            "final_snapshot_identifier": null,
            "hosted_zone_id": "Z2R2ITUGPM61AM",
            "iam_database_authentication_enabled": false,
            "id": "db-JYHO6GY4NFPIREIKCHD7H3R6AQ",
            "identifier": "terraform-20260516195423508500000004",
            "identifier_prefix": "terraform-",
            "instance_class": "db.t3.micro",
            "iops": 0,
            "kms_key_id": "",
            "latest_restorable_time": "",
            "license_model": "general-public-license",
            "listener_endpoint": [],
            "maintenance_window": "fri:07:13-fri:07:43",
            "manage_master_user_password": null,
            "master_user_secret": [],
            "master_user_secret_kms_key_id": null,
            "max_allocated_storage": 0,
            "monitoring_interval": 0,
            "monitoring_role_arn": "",
            "multi_az": false,
            "nchar_character_set_name": "",
            "network_type": "IPV4",
            "option_group_name": "default:mysql-8-0",
            "parameter_group_name": "default.mysql8.0",
            "password": "password123",
            "password_wo": null,
            "password_wo_version": null,
            "performance_insights_enabled": false,
            "performance_insights_kms_key_id": "",
            "performance_insights_retention_period": 0,
            "port": 3306,
            "publicly_accessible": false,
            "region": "us-east-1",
            "replica_mode": "",
            "replicas": [],
            "replicate_source_db": "",
            "resource_id": "db-JYHO6GY4NFPIREIKCHD7H3R6AQ",
            "restore_to_point_in_time": [],
            "s3_import": [],
            "skip_final_snapshot": true,
            "snapshot_identifier": null,
            "status": "available",
            "storage_encrypted": false,
            "storage_throughput": 0,
            "storage_type": "gp2",
            "tags": {
              "Name": "my_rds"
            },
            "tags_all": {
              "Name": "my_rds"
            },
            "timeouts": null,
            "timezone": "",
            "upgrade_rollout_order": "second",
            "upgrade_storage_config": null,
            "username": "admin",
            "vpc_security_group_ids": [
              "sg-0df39a7e60ab9939c"
            ]
          },
          "sensitive_attributes": [
            [
              {
                "type": "get_attr",
                "value": "password"
              }
            ],
            [
              {
                "type": "get_attr",
                "value": "password_wo"
              }
            ]
          ],
          "identity_schema_version": 0,
          "private": "eyJlMmJmYjczMC1lY2FhLTExZTYtOGY4OC0zNDM2M2JjN2M0YzAiOnsiY3JlYXRlIjozMDAwMDAwMDAwMDAwLCJkZWxldGUiOjM2MDAwMDAwMDAwMDAsInVwZGF0ZSI6NDgwMDAwMDAwMDAwMH0sInNjaGVtYV92ZXJzaW9uIjoiMiJ9",
          "dependencies": [
            "aws_db_subnet_group.rds_sg",
            "aws_security_group.rds_sg",
            "aws_subnet.privatedbsubnet1",
            "aws_subnet.privatedbsubnet2",
            "aws_vpc.my_vpc"
          ]
        }
      ]
    },
    {
      "mode": "managed",
      "type": "aws_db_subnet_group",
      "name": "rds_sg",
      "provider": "provider[\"registry.terraform.io/hashicorp/aws\"]",
      "instances": [
        {
          "schema_version": 0,
          "attributes": {
            "arn": "arn:aws:rds:us-east-1:396890348614:subgrp:main",
            "description": "Managed by Terraform",
            "id": "main",
            "name": "main",
            "name_prefix": "",
            "region": "us-east-1",
            "subnet_ids": [
              "subnet-04d3dec27739563e5",
              "subnet-06e370d40398a2247"
            ],
            "supported_network_types": [
              "IPV4"
            ],
            "tags": {
              "Name": "rds_sg"
            },
            "tags_all": {
              "Name": "rds_sg"
            },
            "vpc_id": "vpc-0d291cc91fa688232"
          },
          "sensitive_attributes": [],
          "identity_schema_version": 0,
          "identity": {
            "account_id": "396890348614",
            "name": "main",
            "region": "us-east-1"
          },
          "private": "bnVsbA==",
          "dependencies": [
            "aws_subnet.privatedbsubnet1",
            "aws_subnet.privatedbsubnet2",
            "aws_vpc.my_vpc"
          ]
        }
      ]
    },
    {
      "mode": "managed",
      "type": "aws_ec2_instance_connect_endpoint",
      "name": "example",
      "provider": "provider[\"registry.terraform.io/hashicorp/aws\"]",
      "instances": [
        {
          "schema_version": 0,
          "attributes": {
            "arn": "arn:aws:ec2:us-east-1:396890348614:instance-connect-endpoint/eice-0bb2b60b1e18cbeb3",
            "availability_zone": "us-east-1a",
            "dns_name": "eice-0bb2b60b1e18cbeb3.bf5df978.ec2-instance-connect-endpoint.us-east-1.amazonaws.com",
            "fips_dns_name": "eice-0bb2b60b1e18cbeb3.bf5df978.fips.ec2-instance-connect-endpoint.us-east-1.amazonaws.com",
            "id": "eice-0bb2b60b1e18cbeb3",
            "ip_address_type": "ipv4",
            "network_interface_ids": [
              "eni-0e2f2438ec58ce512"
            ],
            "owner_id": "396890348614",
            "preserve_client_ip": true,
            "region": "us-east-1",
            "security_group_ids": [
              "sg-0802df8541d00e874"
            ],
            "subnet_id": "subnet-0aea62e830804b7e8",
            "tags": null,
            "tags_all": {},
            "timeouts": null,
            "vpc_id": "vpc-0d291cc91fa688232"
          },
          "sensitive_attributes": [],
          "identity_schema_version": 0,
          "dependencies": [
            "aws_security_group.ec2_sg",
            "aws_subnet.privateappsubnet1",
            "aws_vpc.my_vpc"
          ]
        }
      ]
    },
    {
      "mode": "managed",
      "type": "aws_iam_instance_profile",
      "name": "ec2_profile",
      "provider": "provider[\"registry.terraform.io/hashicorp/aws\"]",
      "instances": [
        {
          "schema_version": 0,
          "attributes": {
            "arn": "arn:aws:iam::396890348614:instance-profile/ec2_profile",
            "create_date": "2026-05-16T19:54:16Z",
            "id": "ec2_profile",
            "name": "ec2_profile",
            "name_prefix": "",
            "path": "/",
            "role": "ec2_role",
            "tags": null,
            "tags_all": {},
            "unique_id": "AIPAVY2ECDRDKQ4OEQYSC"
          },
          "sensitive_attributes": [],
          "identity_schema_version": 0,
          "identity": {
            "account_id": "396890348614",
            "name": "ec2_profile"
          },
          "private": "bnVsbA==",
          "dependencies": [
            "aws_iam_role.ec2_role"
          ]
        }
      ]
    },
    {
      "mode": "managed",
      "type": "aws_iam_role",
      "name": "ec2_role",
      "provider": "provider[\"registry.terraform.io/hashicorp/aws\"]",
      "instances": [
        {
          "schema_version": 0,
          "attributes": {
            "arn": "arn:aws:iam::396890348614:role/ec2_role",
            "assume_role_policy": "{\"Statement\":[{\"Action\":\"sts:AssumeRole\",\"Effect\":\"Allow\",\"Principal\":{\"Service\":\"ec2.amazonaws.com\"}}],\"Version\":\"2012-10-17\"}",
            "create_date": "2026-05-16T19:54:14Z",
            "description": "",
            "force_detach_policies": false,
            "id": "ec2_role",
            "inline_policy": [],
            "managed_policy_arns": [],
            "max_session_duration": 3600,
            "name": "ec2_role",
            "name_prefix": "",
            "path": "/",
            "permissions_boundary": "",
            "tags": null,
            "tags_all": {},
            "unique_id": "AROAVY2ECDRDMMERUERME"
          },
          "sensitive_attributes": [],
          "identity_schema_version": 0,
          "identity": {
            "account_id": "396890348614",
            "name": "ec2_role"
          },
          "private": "bnVsbA=="
        }
      ]
    },
    {
      "mode": "managed",
      "type": "aws_iam_role_policy_attachment",
      "name": "ec2_cloudwatch",
      "provider": "provider[\"registry.terraform.io/hashicorp/aws\"]",
      "instances": [
        {
          "schema_version": 0,
          "attributes": {
            "id": "ec2_role/arn:aws:iam::aws:policy/CloudWatchFullAccess",
            "policy_arn": "arn:aws:iam::aws:policy/CloudWatchFullAccess",
            "role": "ec2_role"
          },
          "sensitive_attributes": [],
          "identity_schema_version": 0,
          "identity": {
            "account_id": "396890348614",
            "policy_arn": "arn:aws:iam::aws:policy/CloudWatchFullAccess",
            "role": "ec2_role"
          },
          "private": "bnVsbA==",
          "dependencies": [
            "aws_iam_role.ec2_role"
          ]
        }
      ]
    },
    {
      "mode": "managed",
      "type": "aws_iam_role_policy_attachment",
      "name": "ec2_ssm",
      "provider": "provider[\"registry.terraform.io/hashicorp/aws\"]",
      "instances": [
        {
          "schema_version": 0,
          "attributes": {
            "id": "ec2_role/arn:aws:iam::aws:policy/AmazonSSMManagedInstanceCore",
            "policy_arn": "arn:aws:iam::aws:policy/AmazonSSMManagedInstanceCore",
            "role": "ec2_role"
          },
          "sensitive_attributes": [],
          "identity_schema_version": 0,
          "identity": {
            "account_id": "396890348614",
            "policy_arn": "arn:aws:iam::aws:policy/AmazonSSMManagedInstanceCore",
            "role": "ec2_role"
          },
          "private": "bnVsbA==",
          "dependencies": [
            "aws_iam_role.ec2_role"
          ]
        }
      ]
    },
    {
      "mode": "managed",
      "type": "aws_instance",
      "name": "my_instance1",
      "provider": "provider[\"registry.terraform.io/hashicorp/aws\"]",
      "instances": [
        {
          "schema_version": 2,
          "attributes": {
            "ami": "ami-0236922087fa98b6e",
            "arn": "arn:aws:ec2:us-east-1:396890348614:instance/i-0c0e1e4e9aabeeaa9",
            "associate_public_ip_address": true,
            "availability_zone": "us-east-1a",
            "capacity_reservation_specification": [
              {
                "capacity_reservation_preference": "open",
                "capacity_reservation_target": []
              }
            ],
            "cpu_options": [
              {
                "amd_sev_snp": "",
                "core_count": 1,
                "nested_virtualization": "",
                "threads_per_core": 2
              }
            ],
            "credit_specification": [
              {
                "cpu_credits": "unlimited"
              }
            ],
            "disable_api_stop": false,
            "disable_api_termination": false,
            "ebs_block_device": [],
            "ebs_optimized": false,
            "enable_primary_ipv6": null,
            "enclave_options": [
              {
                "enabled": false
              }
            ],
            "ephemeral_block_device": [],
            "force_destroy": false,
            "get_password_data": false,
            "hibernation": false,
            "host_id": "",
            "host_resource_group_arn": null,
            "iam_instance_profile": "ec2_profile",
            "id": "i-0c0e1e4e9aabeeaa9",
            "instance_initiated_shutdown_behavior": "stop",
            "instance_lifecycle": "",
            "instance_market_options": [],
            "instance_state": "running",
            "instance_type": "t3.micro",
            "ipv6_address_count": 0,
            "ipv6_addresses": [],
            "key_name": "use1keypair",
            "launch_template": [],
            "maintenance_options": [
              {
                "auto_recovery": "default"
              }
            ],
            "metadata_options": [
              {
                "http_endpoint": "enabled",
                "http_protocol_ipv6": "disabled",
                "http_put_response_hop_limit": 2,
                "http_tokens": "required",
                "instance_metadata_tags": "disabled"
              }
            ],
            "monitoring": false,
            "network_interface": [],
            "outpost_arn": "",
            "password_data": "",
            "placement_group": "",
            "placement_group_id": "",
            "placement_partition_number": 0,
            "primary_network_interface": [
              {
                "delete_on_termination": true,
                "network_interface_id": "eni-03db6f1efd35da8fd"
              }
            ],
            "primary_network_interface_id": "eni-03db6f1efd35da8fd",
            "private_dns": "ip-10-0-1-208.ec2.internal",
            "private_dns_name_options": [
              {
                "enable_resource_name_dns_a_record": false,
                "enable_resource_name_dns_aaaa_record": false,
                "hostname_type": "ip-name"
              }
            ],
            "private_ip": "10.0.1.208",
            "public_dns": "",
            "public_ip": "44.222.83.177",
            "region": "us-east-1",
            "root_block_device": [
              {
                "delete_on_termination": true,
                "device_name": "/dev/xvda",
                "encrypted": false,
                "iops": 3000,
                "kms_key_id": "",
                "tags": {},
                "tags_all": {},
                "throughput": 125,
                "volume_id": "vol-0c57538f23f5595c5",
                "volume_size": 8,
                "volume_type": "gp3"
              }
            ],
            "secondary_network_interface": [],
            "secondary_private_ips": [],
            "security_groups": [],
            "source_dest_check": true,
            "spot_instance_request_id": "",
            "subnet_id": "subnet-0c3c26103ea4703cd",
            "tags": {
              "Name": "my_instance1"
            },
            "tags_all": {
              "Name": "my_instance1"
            },
            "tenancy": "default",
            "timeouts": null,
            "user_data": "#!/bin/bash\n# 1. Update system packages and install python/mariadb\ndnf update -y\ndnf install -y python3 python3-pip mariadb105\n\n# 2. Create application directory\nmkdir -p /var/www/taskmanager\n\n# 3. Set up a Python Virtual Environment (Required by Amazon Linux 2023)\npython3 -m venv /var/www/taskmanager/venv\n/var/www/taskmanager/venv/bin/pip install --upgrade pip\n/var/www/taskmanager/venv/bin/pip install flask gunicorn pymysql\n\n# 4. Create the Flask Application file\ncat \u003e /var/www/taskmanager/app.py \u003c\u003c 'APPEOF'\nfrom flask import Flask, request, jsonify\nimport pymysql\nimport os\n\napp = Flask(__name__)\n\ndef get_db():\n    return pymysql.connect(\n        host=os.environ.get('DB_HOST'),\n        user=os.environ.get('DB_USER'),\n        password=os.environ.get('DB_PASSWORD'),\n        database='taskmanager',\n        cursorclass=pymysql.cursors.DictCursor\n    )\n\n@app.route('/')\ndef index():\n    return '\u003chtml\u003e\u003cbody\u003e\u003ch2\u003eTask Manager\u003c/h2\u003e\u003cform method=\"POST\" action=\"/tasks\"\u003e\u003cinput type=\"text\" name=\"title\" placeholder=\"Enter task\" required\u003e\u003cbutton type=\"submit\"\u003eAdd Task\u003c/button\u003e\u003c/form\u003e\u003cbr\u003e\u003ca href=\"/tasks\"\u003eView all tasks\u003c/a\u003e\u003c/body\u003e\u003c/html\u003e'\n\n@app.route('/tasks', methods=['GET'])\ndef get_tasks():\n    conn = get_db()\n    try:\n        with conn.cursor() as cursor:\n            cursor.execute(\"SELECT * FROM tasks\")\n            tasks = cursor.fetchall()\n        return jsonify(tasks)\n    finally:\n        conn.close()\n\n@app.route('/tasks', methods=['POST'])\ndef add_task():\n    title = request.form.get('title')\n    conn = get_db()\n    try:\n        with conn.cursor() as cursor:\n            cursor.execute(\"INSERT INTO tasks (title) VALUES (%s)\", (title,))\n        conn.commit()\n        return '\u003chtml\u003e\u003cbody\u003e\u003cp\u003eTask added.\u003c/p\u003e\u003ca href=\"/\"\u003eGo back\u003c/a\u003e\u003c/body\u003e\u003c/html\u003e'\n    finally:\n        conn.close()\n\nif __name__ == '__main__':\n    app.run()\nAPPEOF\n\n# 5. Create the systemd service unit to run Gunicorn on port 8000\ncat \u003e /etc/systemd/system/taskmanager.service \u003c\u003c SVCEOF\n[Unit]\nDescription=Task Manager Flask App\nAfter=network.target\n\n[Service]\nUser=root\nWorkingDirectory=/var/www/taskmanager\nEnvironment=\"DB_HOST=terraform-20260516195423508500000004.cahmii8o2pnh.us-east-1.rds.amazonaws.com\"\nEnvironment=\"DB_USER=admin\"\nEnvironment=\"DB_PASSWORD=password123\"\nExecStart=/var/www/taskmanager/venv/bin/gunicorn --bind 0.0.0.0:8000 app:app\nRestart=always\n\n[Install]\nWantedBy=multi-user.target\nSVCEOF\n\n# 6. Reload systemd and start the application\nsystemctl daemon-reload\nsystemctl start taskmanager\nsystemctl enable taskmanager\n\n# 7. Initialize the RDS Database schema\nmysql -h terraform-20260516195423508500000004.cahmii8o2pnh.us-east-1.rds.amazonaws.com -u admin -ppassword123 -e \"\nCREATE DATABASE IF NOT EXISTS taskmanager;\nUSE taskmanager;\nCREATE TABLE IF NOT EXISTS tasks (\n    id INT AUTO_INCREMENT PRIMARY KEY,\n    title VARCHAR(255) NOT NULL,\n    created_at TIMESTAMP DEFAULT CURRENT_TIMESTAMP\n);\n\"",
            "user_data_base64": null,
            "user_data_replace_on_change": false,
            "volume_tags": null,
            "vpc_security_group_ids": [
              "sg-0802df8541d00e874"
            ]
          },
          "sensitive_attributes": [
            [
              {
                "type": "get_attr",
                "value": "user_data"
              }
            ]
          ],
          "identity_schema_version": 0,
          "identity": {
            "account_id": "396890348614",
            "id": "i-0c0e1e4e9aabeeaa9",
            "region": "us-east-1"
          },
          "private": "eyJlMmJmYjczMC1lY2FhLTExZTYtOGY4OC0zNDM2M2JjN2M0YzAiOnsiY3JlYXRlIjo2MDAwMDAwMDAwMDAsImRlbGV0ZSI6MTIwMDAwMDAwMDAwMCwicmVhZCI6OTAwMDAwMDAwMDAwLCJ1cGRhdGUiOjYwMDAwMDAwMDAwMH0sInNjaGVtYV92ZXJzaW9uIjoiMiJ9",
          "dependencies": [
            "aws_db_instance.my_rds",
            "aws_db_subnet_group.rds_sg",
            "aws_iam_instance_profile.ec2_profile",
            "aws_iam_role.ec2_role",
            "aws_security_group.ec2_sg",
            "aws_security_group.rds_sg",
            "aws_subnet.privatedbsubnet1",
            "aws_subnet.privatedbsubnet2",
            "aws_subnet.publicappsubnet1",
            "aws_vpc.my_vpc"
          ]
        }
      ]
    },
    {
      "mode": "managed",
      "type": "aws_instance",
      "name": "my_instance2",
      "provider": "provider[\"registry.terraform.io/hashicorp/aws\"]",
      "instances": [
        {
          "schema_version": 2,
          "attributes": {
            "ami": "ami-0236922087fa98b6e",
            "arn": "arn:aws:ec2:us-east-1:396890348614:instance/i-0f302380349de7ae1",
            "associate_public_ip_address": true,
            "availability_zone": "us-east-1b",
            "capacity_reservation_specification": [
              {
                "capacity_reservation_preference": "open",
                "capacity_reservation_target": []
              }
            ],
            "cpu_options": [
              {
                "amd_sev_snp": "",
                "core_count": 1,
                "nested_virtualization": "",
                "threads_per_core": 2
              }
            ],
            "credit_specification": [
              {
                "cpu_credits": "unlimited"
              }
            ],
            "disable_api_stop": false,
            "disable_api_termination": false,
            "ebs_block_device": [],
            "ebs_optimized": false,
            "enable_primary_ipv6": null,
            "enclave_options": [
              {
                "enabled": false
              }
            ],
            "ephemeral_block_device": [],
            "force_destroy": false,
            "get_password_data": false,
            "hibernation": false,
            "host_id": "",
            "host_resource_group_arn": null,
            "iam_instance_profile": "ec2_profile",
            "id": "i-0f302380349de7ae1",
            "instance_initiated_shutdown_behavior": "stop",
            "instance_lifecycle": "",
            "instance_market_options": [],
            "instance_state": "running",
            "instance_type": "t3.micro",
            "ipv6_address_count": 0,
            "ipv6_addresses": [],
            "key_name": "use1keypair",
            "launch_template": [],
            "maintenance_options": [
              {
                "auto_recovery": "default"
              }
            ],
            "metadata_options": [
              {
                "http_endpoint": "enabled",
                "http_protocol_ipv6": "disabled",
                "http_put_response_hop_limit": 2,
                "http_tokens": "required",
                "instance_metadata_tags": "disabled"
              }
            ],
            "monitoring": false,
            "network_interface": [],
            "outpost_arn": "",
            "password_data": "",
            "placement_group": "",
            "placement_group_id": "",
            "placement_partition_number": 0,
            "primary_network_interface": [
              {
                "delete_on_termination": true,
                "network_interface_id": "eni-0d247541208552995"
              }
            ],
            "primary_network_interface_id": "eni-0d247541208552995",
            "private_dns": "ip-10-0-2-180.ec2.internal",
            "private_dns_name_options": [
              {
                "enable_resource_name_dns_a_record": false,
                "enable_resource_name_dns_aaaa_record": false,
                "hostname_type": "ip-name"
              }
            ],
            "private_ip": "10.0.2.180",
            "public_dns": "",
            "public_ip": "54.205.31.2",
            "region": "us-east-1",
            "root_block_device": [
              {
                "delete_on_termination": true,
                "device_name": "/dev/xvda",
                "encrypted": false,
                "iops": 3000,
                "kms_key_id": "",
                "tags": {},
                "tags_all": {},
                "throughput": 125,
                "volume_id": "vol-07a824b0fc2daa861",
                "volume_size": 8,
                "volume_type": "gp3"
              }
            ],
            "secondary_network_interface": [],
            "secondary_private_ips": [],
            "security_groups": [],
            "source_dest_check": true,
            "spot_instance_request_id": "",
            "subnet_id": "subnet-06262dd8db5e05446",
            "tags": {
              "Name": "my_instance2"
            },
            "tags_all": {
              "Name": "my_instance2"
            },
            "tenancy": "default",
            "timeouts": null,
            "user_data": "#!/bin/bash\n# 1. Update system packages and install python/mariadb\ndnf update -y\ndnf install -y python3 python3-pip mariadb105\n\n# 2. Create application directory\nmkdir -p /var/www/taskmanager\n\n# 3. Set up a Python Virtual Environment (Required by Amazon Linux 2023)\npython3 -m venv /var/www/taskmanager/venv\n/var/www/taskmanager/venv/bin/pip install --upgrade pip\n/var/www/taskmanager/venv/bin/pip install flask gunicorn pymysql\n\n# 4. Create the Flask Application file\ncat \u003e /var/www/taskmanager/app.py \u003c\u003c 'APPEOF'\nfrom flask import Flask, request, jsonify\nimport pymysql\nimport os\n\napp = Flask(__name__)\n\ndef get_db():\n    return pymysql.connect(\n        host=os.environ.get('DB_HOST'),\n        user=os.environ.get('DB_USER'),\n        password=os.environ.get('DB_PASSWORD'),\n        database='taskmanager',\n        cursorclass=pymysql.cursors.DictCursor\n    )\n\n@app.route('/')\ndef index():\n    return '\u003chtml\u003e\u003cbody\u003e\u003ch2\u003eTask Manager\u003c/h2\u003e\u003cform method=\"POST\" action=\"/tasks\"\u003e\u003cinput type=\"text\" name=\"title\" placeholder=\"Enter task\" required\u003e\u003cbutton type=\"submit\"\u003eAdd Task\u003c/button\u003e\u003c/form\u003e\u003cbr\u003e\u003ca href=\"/tasks\"\u003eView all tasks\u003c/a\u003e\u003c/body\u003e\u003c/html\u003e'\n\n@app.route('/tasks', methods=['GET'])\ndef get_tasks():\n    conn = get_db()\n    try:\n        with conn.cursor() as cursor:\n            cursor.execute(\"SELECT * FROM tasks\")\n            tasks = cursor.fetchall()\n        return jsonify(tasks)\n    finally:\n        conn.close()\n\n@app.route('/tasks', methods=['POST'])\ndef add_task():\n    title = request.form.get('title')\n    conn = get_db()\n    try:\n        with conn.cursor() as cursor:\n            cursor.execute(\"INSERT INTO tasks (title) VALUES (%s)\", (title,))\n        conn.commit()\n        return '\u003chtml\u003e\u003cbody\u003e\u003cp\u003eTask added.\u003c/p\u003e\u003ca href=\"/\"\u003eGo back\u003c/a\u003e\u003c/body\u003e\u003c/html\u003e'\n    finally:\n        conn.close()\n\nif __name__ == '__main__':\n    app.run()\nAPPEOF\n\n# 5. Create the systemd service unit to run Gunicorn on port 8000\ncat \u003e /etc/systemd/system/taskmanager.service \u003c\u003c SVCEOF\n[Unit]\nDescription=Task Manager Flask App\nAfter=network.target\n\n[Service]\nUser=root\nWorkingDirectory=/var/www/taskmanager\nEnvironment=\"DB_HOST=terraform-20260516195423508500000004.cahmii8o2pnh.us-east-1.rds.amazonaws.com\"\nEnvironment=\"DB_USER=admin\"\nEnvironment=\"DB_PASSWORD=password123\"\nExecStart=/var/www/taskmanager/venv/bin/gunicorn --bind 0.0.0.0:8000 app:app\nRestart=always\n\n[Install]\nWantedBy=multi-user.target\nSVCEOF\n\n# 6. Reload systemd and start the application\nsystemctl daemon-reload\nsystemctl start taskmanager\nsystemctl enable taskmanager\n\n# 7. Initialize the RDS Database schema\nmysql -h terraform-20260516195423508500000004.cahmii8o2pnh.us-east-1.rds.amazonaws.com -u admin -ppassword123 -e \"\nCREATE DATABASE IF NOT EXISTS taskmanager;\nUSE taskmanager;\nCREATE TABLE IF NOT EXISTS tasks (\n    id INT AUTO_INCREMENT PRIMARY KEY,\n    title VARCHAR(255) NOT NULL,\n    created_at TIMESTAMP DEFAULT CURRENT_TIMESTAMP\n);\n\"",
            "user_data_base64": null,
            "user_data_replace_on_change": false,
            "volume_tags": null,
            "vpc_security_group_ids": [
              "sg-0802df8541d00e874"
            ]
          },
          "sensitive_attributes": [
            [
              {
                "type": "get_attr",
                "value": "user_data"
              }
            ]
          ],
          "identity_schema_version": 0,
          "identity": {
            "account_id": "396890348614",
            "id": "i-0f302380349de7ae1",
            "region": "us-east-1"
          },
          "private": "eyJlMmJmYjczMC1lY2FhLTExZTYtOGY4OC0zNDM2M2JjN2M0YzAiOnsiY3JlYXRlIjo2MDAwMDAwMDAwMDAsImRlbGV0ZSI6MTIwMDAwMDAwMDAwMCwicmVhZCI6OTAwMDAwMDAwMDAwLCJ1cGRhdGUiOjYwMDAwMDAwMDAwMH0sInNjaGVtYV92ZXJzaW9uIjoiMiJ9",
          "dependencies": [
            "aws_db_instance.my_rds",
            "aws_db_subnet_group.rds_sg",
            "aws_iam_instance_profile.ec2_profile",
            "aws_iam_role.ec2_role",
            "aws_security_group.ec2_sg",
            "aws_security_group.rds_sg",
            "aws_subnet.privatedbsubnet1",
            "aws_subnet.privatedbsubnet2",
            "aws_subnet.publicappsubnet2",
            "aws_vpc.my_vpc"
          ]
        }
      ]
    },
    {
      "mode": "managed",
      "type": "aws_internet_gateway",
      "name": "my_int_gw",
      "provider": "provider[\"registry.terraform.io/hashicorp/aws\"]",
      "instances": [
        {
          "schema_version": 0,
          "attributes": {
            "arn": "arn:aws:ec2:us-east-1:396890348614:internet-gateway/igw-090f6da9de3b74ac2",
            "id": "igw-090f6da9de3b74ac2",
            "owner_id": "396890348614",
            "region": "us-east-1",
            "tags": {
              "Name": "my_int_gw"
            },
            "tags_all": {
              "Name": "my_int_gw"
            },
            "timeouts": null,
            "vpc_id": "vpc-0d291cc91fa688232"
          },
          "sensitive_attributes": [],
          "identity_schema_version": 0,
          "identity": {
            "account_id": "396890348614",
            "id": "igw-090f6da9de3b74ac2",
            "region": "us-east-1"
          },
          "private": "eyJlMmJmYjczMC1lY2FhLTExZTYtOGY4OC0zNDM2M2JjN2M0YzAiOnsiY3JlYXRlIjoxMjAwMDAwMDAwMDAwLCJkZWxldGUiOjEyMDAwMDAwMDAwMDAsInVwZGF0ZSI6MTIwMDAwMDAwMDAwMH19",
          "dependencies": [
            "aws_vpc.my_vpc"
          ]
        }
      ]
    },
    {
      "mode": "managed",
      "type": "aws_launch_template",
      "name": "my_lt",
      "provider": "provider[\"registry.terraform.io/hashicorp/aws\"]",
      "instances": [
        {
          "schema_version": 1,
          "attributes": {
            "arn": "arn:aws:ec2:us-east-1:396890348614:launch-template/lt-066c013b0ec8075d4",
            "block_device_mappings": [],
            "capacity_reservation_specification": [],
            "cpu_options": [],
            "credit_specification": [],
            "default_version": 1,
            "description": "",
            "disable_api_stop": false,
            "disable_api_termination": false,
            "ebs_optimized": "",
            "enclave_options": [],
            "hibernation_options": [],
            "iam_instance_profile": [
              {
                "arn": "",
                "name": "ec2_profile"
              }
            ],
            "id": "lt-066c013b0ec8075d4",
            "image_id": "ami-0236922087fa98b6e",
            "instance_initiated_shutdown_behavior": "",
            "instance_market_options": [],
            "instance_requirements": [],
            "instance_type": "t3.micro",
            "kernel_id": "",
            "key_name": "use1keypair",
            "latest_version": 1,
            "license_specification": [],
            "maintenance_options": [],
            "metadata_options": [],
            "monitoring": [],
            "name": "my_lt",
            "name_prefix": "",
            "network_interfaces": [],
            "network_performance_options": [],
            "placement": [],
            "private_dns_name_options": [],
            "ram_disk_id": "",
            "region": "us-east-1",
            "secondary_interfaces": [],
            "security_group_names": null,
            "tag_specifications": [
              {
                "resource_type": "instance",
                "tags": {
                  "Name": "my_lt_instance"
                }
              }
            ],
            "tags": null,
            "tags_all": {},
            "update_default_version": null,
            "user_data": "IyEvYmluL2Jhc2gKIyAxLiBVcGRhdGUgc3lzdGVtIHBhY2thZ2VzIGFuZCBpbnN0YWxsIHB5dGhvbi9tYXJpYWRiCmRuZiB1cGRhdGUgLXkKZG5mIGluc3RhbGwgLXkgcHl0aG9uMyBweXRob24zLXBpcCBtYXJpYWRiMTA1CgojIDIuIENyZWF0ZSBhcHBsaWNhdGlvbiBkaXJlY3RvcnkKbWtkaXIgLXAgL3Zhci93d3cvdGFza21hbmFnZXIKCiMgMy4gU2V0IHVwIGEgUHl0aG9uIFZpcnR1YWwgRW52aXJvbm1lbnQgKFJlcXVpcmVkIGJ5IEFtYXpvbiBMaW51eCAyMDIzKQpweXRob24zIC1tIHZlbnYgL3Zhci93d3cvdGFza21hbmFnZXIvdmVudgovdmFyL3d3dy90YXNrbWFuYWdlci92ZW52L2Jpbi9waXAgaW5zdGFsbCAtLXVwZ3JhZGUgcGlwCi92YXIvd3d3L3Rhc2ttYW5hZ2VyL3ZlbnYvYmluL3BpcCBpbnN0YWxsIGZsYXNrIGd1bmljb3JuIHB5bXlzcWwKCiMgNC4gQ3JlYXRlIHRoZSBGbGFzayBBcHBsaWNhdGlvbiBmaWxlCmNhdCA+IC92YXIvd3d3L3Rhc2ttYW5hZ2VyL2FwcC5weSA8PCAnQVBQRU9GJwpmcm9tIGZsYXNrIGltcG9ydCBGbGFzaywgcmVxdWVzdCwganNvbmlmeQppbXBvcnQgcHlteXNxbAppbXBvcnQgb3MKCmFwcCA9IEZsYXNrKF9fbmFtZV9fKQoKZGVmIGdldF9kYigpOgogICAgcmV0dXJuIHB5bXlzcWwuY29ubmVjdCgKICAgICAgICBob3N0PW9zLmVudmlyb24uZ2V0KCdEQl9IT1NUJyksCiAgICAgICAgdXNlcj1vcy5lbnZpcm9uLmdldCgnREJfVVNFUicpLAogICAgICAgIHBhc3N3b3JkPW9zLmVudmlyb24uZ2V0KCdEQl9QQVNTV09SRCcpLAogICAgICAgIGRhdGFiYXNlPSd0YXNrbWFuYWdlcicsCiAgICAgICAgY3Vyc29yY2xhc3M9cHlteXNxbC5jdXJzb3JzLkRpY3RDdXJzb3IKICAgICkKCkBhcHAucm91dGUoJy8nKQpkZWYgaW5kZXgoKToKICAgIHJldHVybiAnPGh0bWw+PGJvZHk+PGgyPlRhc2sgTWFuYWdlcjwvaDI+PGZvcm0gbWV0aG9kPSJQT1NUIiBhY3Rpb249Ii90YXNrcyI+PGlucHV0IHR5cGU9InRleHQiIG5hbWU9InRpdGxlIiBwbGFjZWhvbGRlcj0iRW50ZXIgdGFzayIgcmVxdWlyZWQ+PGJ1dHRvbiB0eXBlPSJzdWJtaXQiPkFkZCBUYXNrPC9idXR0b24+PC9mb3JtPjxicj48YSBocmVmPSIvdGFza3MiPlZpZXcgYWxsIHRhc2tzPC9hPjwvYm9keT48L2h0bWw+JwoKQGFwcC5yb3V0ZSgnL3Rhc2tzJywgbWV0aG9kcz1bJ0dFVCddKQpkZWYgZ2V0X3Rhc2tzKCk6CiAgICBjb25uID0gZ2V0X2RiKCkKICAgIHRyeToKICAgICAgICB3aXRoIGNvbm4uY3Vyc29yKCkgYXMgY3Vyc29yOgogICAgICAgICAgICBjdXJzb3IuZXhlY3V0ZSgiU0VMRUNUICogRlJPTSB0YXNrcyIpCiAgICAgICAgICAgIHRhc2tzID0gY3Vyc29yLmZldGNoYWxsKCkKICAgICAgICByZXR1cm4ganNvbmlmeSh0YXNrcykKICAgIGZpbmFsbHk6CiAgICAgICAgY29ubi5jbG9zZSgpCgpAYXBwLnJvdXRlKCcvdGFza3MnLCBtZXRob2RzPVsnUE9TVCddKQpkZWYgYWRkX3Rhc2soKToKICAgIHRpdGxlID0gcmVxdWVzdC5mb3JtLmdldCgndGl0bGUnKQogICAgY29ubiA9IGdldF9kYigpCiAgICB0cnk6CiAgICAgICAgd2l0aCBjb25uLmN1cnNvcigpIGFzIGN1cnNvcjoKICAgICAgICAgICAgY3Vyc29yLmV4ZWN1dGUoIklOU0VSVCBJTlRPIHRhc2tzICh0aXRsZSkgVkFMVUVTICglcykiLCAodGl0bGUsKSkKICAgICAgICBjb25uLmNvbW1pdCgpCiAgICAgICAgcmV0dXJuICc8aHRtbD48Ym9keT48cD5UYXNrIGFkZGVkLjwvcD48YSBocmVmPSIvIj5HbyBiYWNrPC9hPjwvYm9keT48L2h0bWw+JwogICAgZmluYWxseToKICAgICAgICBjb25uLmNsb3NlKCkKCmlmIF9fbmFtZV9fID09ICdfX21haW5fXyc6CiAgICBhcHAucnVuKCkKQVBQRU9GCgojIDUuIENyZWF0ZSB0aGUgc3lzdGVtZCBzZXJ2aWNlIHVuaXQgdG8gcnVuIEd1bmljb3JuIG9uIHBvcnQgODAwMApjYXQgPiAvZXRjL3N5c3RlbWQvc3lzdGVtL3Rhc2ttYW5hZ2VyLnNlcnZpY2UgPDwgU1ZDRU9GCltVbml0XQpEZXNjcmlwdGlvbj1UYXNrIE1hbmFnZXIgRmxhc2sgQXBwCkFmdGVyPW5ldHdvcmsudGFyZ2V0CgpbU2VydmljZV0KVXNlcj1yb290CldvcmtpbmdEaXJlY3Rvcnk9L3Zhci93d3cvdGFza21hbmFnZXIKRW52aXJvbm1lbnQ9IkRCX0hPU1Q9dGVycmFmb3JtLTIwMjYwNTE2MTk1NDIzNTA4NTAwMDAwMDA0LmNhaG1paThvMnBuaC51cy1lYXN0LTEucmRzLmFtYXpvbmF3cy5jb20iCkVudmlyb25tZW50PSJEQl9VU0VSPWFkbWluIgpFbnZpcm9ubWVudD0iREJfUEFTU1dPUkQ9cGFzc3dvcmQxMjMiCkV4ZWNTdGFydD0vdmFyL3d3dy90YXNrbWFuYWdlci92ZW52L2Jpbi9ndW5pY29ybiAtLWJpbmQgMC4wLjAuMDo4MDAwIGFwcDphcHAKUmVzdGFydD1hbHdheXMKCltJbnN0YWxsXQpXYW50ZWRCeT1tdWx0aS11c2VyLnRhcmdldApTVkNFT0YKCiMgNi4gUmVsb2FkIHN5c3RlbWQgYW5kIHN0YXJ0IHRoZSBhcHBsaWNhdGlvbgpzeXN0ZW1jdGwgZGFlbW9uLXJlbG9hZApzeXN0ZW1jdGwgc3RhcnQgdGFza21hbmFnZXIKc3lzdGVtY3RsIGVuYWJsZSB0YXNrbWFuYWdlcgoKIyA3LiBJbml0aWFsaXplIHRoZSBSRFMgRGF0YWJhc2Ugc2NoZW1hCm15c3FsIC1oIHRlcnJhZm9ybS0yMDI2MDUxNjE5NTQyMzUwODUwMDAwMDAwNC5jYWhtaWk4bzJwbmgudXMtZWFzdC0xLnJkcy5hbWF6b25hd3MuY29tIC11IGFkbWluIC1wcGFzc3dvcmQxMjMgLWUgIgpDUkVBVEUgREFUQUJBU0UgSUYgTk9UIEVYSVNUUyB0YXNrbWFuYWdlcjsKVVNFIHRhc2ttYW5hZ2VyOwpDUkVBVEUgVEFCTEUgSUYgTk9UIEVYSVNUUyB0YXNrcyAoCiAgICBpZCBJTlQgQVVUT19JTkNSRU1FTlQgUFJJTUFSWSBLRVksCiAgICB0aXRsZSBWQVJDSEFSKDI1NSkgTk9UIE5VTEwsCiAgICBjcmVhdGVkX2F0IFRJTUVTVEFNUCBERUZBVUxUIENVUlJFTlRfVElNRVNUQU1QCik7CiI=",
            "vpc_security_group_ids": [
              "sg-0802df8541d00e874"
            ]
          },
          "sensitive_attributes": [
            [
              {
                "type": "get_attr",
                "value": "user_data"
              }
            ]
          ],
          "identity_schema_version": 0,
          "identity": {
            "account_id": "396890348614",
            "id": "lt-066c013b0ec8075d4",
            "region": "us-east-1"
          },
          "private": "eyJzY2hlbWFfdmVyc2lvbiI6IjEifQ==",
          "dependencies": [
            "aws_db_instance.my_rds",
            "aws_db_subnet_group.rds_sg",
            "aws_iam_instance_profile.ec2_profile",
            "aws_iam_role.ec2_role",
            "aws_security_group.ec2_sg",
            "aws_security_group.rds_sg",
            "aws_subnet.privatedbsubnet1",
            "aws_subnet.privatedbsubnet2",
            "aws_vpc.my_vpc"
          ]
        }
      ]
    },
    {
      "mode": "managed",
      "type": "aws_lb",
      "name": "mylb",
      "provider": "provider[\"registry.terraform.io/hashicorp/aws\"]",
      "instances": [
        {
          "schema_version": 0,
          "attributes": {
            "access_logs": [
              {
                "bucket": "",
                "enabled": false,
                "prefix": ""
              }
            ],
            "arn": "arn:aws:elasticloadbalancing:us-east-1:396890348614:loadbalancer/app/mylb/9b0f0cc7b8c5cfcd",
            "arn_suffix": "app/mylb/9b0f0cc7b8c5cfcd",
            "client_keep_alive": 3600,
            "connection_logs": [
              {
                "bucket": "",
                "enabled": false,
                "prefix": ""
              }
            ],
            "customer_owned_ipv4_pool": "",
            "desync_mitigation_mode": "defensive",
            "dns_name": "mylb-2085874754.us-east-1.elb.amazonaws.com",
            "dns_record_client_routing_policy": null,
            "drop_invalid_header_fields": false,
            "enable_cross_zone_load_balancing": true,
            "enable_deletion_protection": false,
            "enable_http2": true,
            "enable_tls_version_and_cipher_suite_headers": false,
            "enable_waf_fail_open": false,
            "enable_xff_client_port": false,
            "enable_zonal_shift": false,
            "enforce_security_group_inbound_rules_on_private_link_traffic": "",
            "health_check_logs": [
              {
                "bucket": "",
                "enabled": false,
                "prefix": ""
              }
            ],
            "id": "arn:aws:elasticloadbalancing:us-east-1:396890348614:loadbalancer/app/mylb/9b0f0cc7b8c5cfcd",
            "idle_timeout": 60,
            "internal": false,
            "ip_address_type": "ipv4",
            "ipam_pools": [],
            "load_balancer_type": "application",
            "minimum_load_balancer_capacity": [],
            "name": "mylb",
            "name_prefix": "",
            "preserve_host_header": false,
            "region": "us-east-1",
            "secondary_ips_auto_assigned_per_subnet": null,
            "security_groups": [
              "sg-0a83bc87c89be8589"
            ],
            "subnet_mapping": [
              {
                "allocation_id": "",
                "ipv6_address": "",
                "outpost_id": "",
                "private_ipv4_address": "",
                "subnet_id": "subnet-06262dd8db5e05446"
              },
              {
                "allocation_id": "",
                "ipv6_address": "",
                "outpost_id": "",
                "private_ipv4_address": "",
                "subnet_id": "subnet-0c3c26103ea4703cd"
              }
            ],
            "subnets": [
              "subnet-06262dd8db5e05446",
              "subnet-0c3c26103ea4703cd"
            ],
            "tags": {
              "Environment": "production"
            },
            "tags_all": {
              "Environment": "production"
            },
            "timeouts": null,
            "vpc_id": "vpc-0d291cc91fa688232",
            "xff_header_processing_mode": "append",
            "zone_id": "Z35SXDOTRQ7X7K"
          },
          "sensitive_attributes": [],
          "identity_schema_version": 0,
          "identity": {
            "arn": "arn:aws:elasticloadbalancing:us-east-1:396890348614:loadbalancer/app/mylb/9b0f0cc7b8c5cfcd"
          },
          "private": "eyJlMmJmYjczMC1lY2FhLTExZTYtOGY4OC0zNDM2M2JjN2M0YzAiOnsiY3JlYXRlIjo2MDAwMDAwMDAwMDAsImRlbGV0ZSI6NjAwMDAwMDAwMDAwLCJ1cGRhdGUiOjYwMDAwMDAwMDAwMH19",
          "dependencies": [
            "aws_security_group.alb_sg",
            "aws_subnet.publicappsubnet1",
            "aws_subnet.publicappsubnet2",
            "aws_vpc.my_vpc"
          ]
        }
      ]
    },
    {
      "mode": "managed",
      "type": "aws_lb_listener",
      "name": "front_end",
      "provider": "provider[\"registry.terraform.io/hashicorp/aws\"]",
      "instances": [
        {
          "schema_version": 0,
          "attributes": {
            "alpn_policy": null,
            "arn": "arn:aws:elasticloadbalancing:us-east-1:396890348614:listener/app/mylb/9b0f0cc7b8c5cfcd/2cca88a482162709",
            "certificate_arn": null,
            "default_action": [
              {
                "authenticate_cognito": [],
                "authenticate_oidc": [],
                "fixed_response": [],
                "forward": [],
                "jwt_validation": [],
                "order": 1,
                "redirect": [],
                "target_group_arn": "arn:aws:elasticloadbalancing:us-east-1:396890348614:targetgroup/mytg/8b6138fd218519ed",
                "type": "forward"
              }
            ],
            "id": "arn:aws:elasticloadbalancing:us-east-1:396890348614:listener/app/mylb/9b0f0cc7b8c5cfcd/2cca88a482162709",
            "load_balancer_arn": "arn:aws:elasticloadbalancing:us-east-1:396890348614:loadbalancer/app/mylb/9b0f0cc7b8c5cfcd",
            "mutual_authentication": [],
            "port": 80,
            "protocol": "HTTP",
            "region": "us-east-1",
            "routing_http_request_x_amzn_mtls_clientcert_header_name": null,
            "routing_http_request_x_amzn_mtls_clientcert_issuer_header_name": null,
            "routing_http_request_x_amzn_mtls_clientcert_leaf_header_name": null,
            "routing_http_request_x_amzn_mtls_clientcert_serial_number_header_name": null,
            "routing_http_request_x_amzn_mtls_clientcert_subject_header_name": null,
            "routing_http_request_x_amzn_mtls_clientcert_validity_header_name": null,
            "routing_http_request_x_amzn_tls_cipher_suite_header_name": null,
            "routing_http_request_x_amzn_tls_version_header_name": null,
            "routing_http_response_access_control_allow_credentials_header_value": "",
            "routing_http_response_access_control_allow_headers_header_value": "",
            "routing_http_response_access_control_allow_methods_header_value": "",
            "routing_http_response_access_control_allow_origin_header_value": "",
            "routing_http_response_access_control_expose_headers_header_value": "",
            "routing_http_response_access_control_max_age_header_value": "",
            "routing_http_response_content_security_policy_header_value": "",
            "routing_http_response_server_enabled": true,
            "routing_http_response_strict_transport_security_header_value": "",
            "routing_http_response_x_content_type_options_header_value": "",
            "routing_http_response_x_frame_options_header_value": "",
            "ssl_policy": "",
            "tags": null,
            "tags_all": {},
            "tcp_idle_timeout_seconds": null,
            "timeouts": null
          },
          "sensitive_attributes": [],
          "identity_schema_version": 0,
          "identity": {
            "arn": "arn:aws:elasticloadbalancing:us-east-1:396890348614:listener/app/mylb/9b0f0cc7b8c5cfcd/2cca88a482162709"
          },
          "private": "eyJlMmJmYjczMC1lY2FhLTExZTYtOGY4OC0zNDM2M2JjN2M0YzAiOnsiY3JlYXRlIjozMDAwMDAwMDAwMDAsInVwZGF0ZSI6MzAwMDAwMDAwMDAwfX0=",
          "dependencies": [
            "aws_lb.mylb",
            "aws_lb_target_group.mytg",
            "aws_security_group.alb_sg",
            "aws_subnet.publicappsubnet1",
            "aws_subnet.publicappsubnet2",
            "aws_vpc.my_vpc"
          ]
        }
      ]
    },
    {
      "mode": "managed",
      "type": "aws_lb_target_group",
      "name": "mytg",
      "provider": "provider[\"registry.terraform.io/hashicorp/aws\"]",
      "instances": [
        {
          "schema_version": 0,
          "attributes": {
            "arn": "arn:aws:elasticloadbalancing:us-east-1:396890348614:targetgroup/mytg/8b6138fd218519ed",
            "arn_suffix": "targetgroup/mytg/8b6138fd218519ed",
            "connection_termination": null,
            "deregistration_delay": "300",
            "health_check": [
              {
                "enabled": true,
                "healthy_threshold": 2,
                "interval": 30,
                "matcher": "200",
                "path": "/",
                "port": "traffic-port",
                "protocol": "HTTP",
                "timeout": 5,
                "unhealthy_threshold": 2
              }
            ],
            "id": "arn:aws:elasticloadbalancing:us-east-1:396890348614:targetgroup/mytg/8b6138fd218519ed",
            "ip_address_type": "ipv4",
            "lambda_multi_value_headers_enabled": false,
            "load_balancer_arns": [],
            "load_balancing_algorithm_type": "round_robin",
            "load_balancing_anomaly_mitigation": "off",
            "load_balancing_cross_zone_enabled": "use_load_balancer_configuration",
            "name": "mytg",
            "name_prefix": "",
            "port": 8000,
            "preserve_client_ip": null,
            "protocol": "HTTP",
            "protocol_version": "HTTP1",
            "proxy_protocol_v2": false,
            "region": "us-east-1",
            "slow_start": 0,
            "stickiness": [
              {
                "cookie_duration": 86400,
                "cookie_name": "",
                "enabled": false,
                "type": "lb_cookie"
              }
            ],
            "tags": null,
            "tags_all": {},
            "target_control_port": 0,
            "target_failover": [
              {
                "on_deregistration": null,
                "on_unhealthy": null
              }
            ],
            "target_group_health": [
              {
                "dns_failover": [
                  {
                    "minimum_healthy_targets_count": "1",
                    "minimum_healthy_targets_percentage": "off"
                  }
                ],
                "unhealthy_state_routing": [
                  {
                    "minimum_healthy_targets_count": 1,
                    "minimum_healthy_targets_percentage": "off"
                  }
                ]
              }
            ],
            "target_health_state": [
              {
                "enable_unhealthy_connection_termination": null,
                "unhealthy_draining_interval": null
              }
            ],
            "target_type": "instance",
            "vpc_id": "vpc-0d291cc91fa688232"
          },
          "sensitive_attributes": [],
          "identity_schema_version": 0,
          "identity": {
            "arn": "arn:aws:elasticloadbalancing:us-east-1:396890348614:targetgroup/mytg/8b6138fd218519ed"
          },
          "private": "bnVsbA==",
          "dependencies": [
            "aws_vpc.my_vpc"
          ]
        }
      ]
    },
    {
      "mode": "managed",
      "type": "aws_lb_target_group_attachment",
      "name": "test",
      "provider": "provider[\"registry.terraform.io/hashicorp/aws\"]",
      "instances": [
        {
          "schema_version": 0,
          "attributes": {
            "availability_zone": null,
            "id": "arn:aws:elasticloadbalancing:us-east-1:396890348614:targetgroup/mytg/8b6138fd218519ed,i-0c0e1e4e9aabeeaa9,8000",
            "port": 8000,
            "quic_server_id": null,
            "region": "us-east-1",
            "target_group_arn": "arn:aws:elasticloadbalancing:us-east-1:396890348614:targetgroup/mytg/8b6138fd218519ed",
            "target_id": "i-0c0e1e4e9aabeeaa9"
          },
          "sensitive_attributes": [],
          "identity_schema_version": 0,
          "identity": {
            "account_id": "396890348614",
            "availability_zone": null,
            "port": 8000,
            "quic_server_id": null,
            "region": "us-east-1",
            "target_group_arn": "arn:aws:elasticloadbalancing:us-east-1:396890348614:targetgroup/mytg/8b6138fd218519ed",
            "target_id": "i-0c0e1e4e9aabeeaa9"
          },
          "private": "bnVsbA==",
          "dependencies": [
            "aws_db_instance.my_rds",
            "aws_db_subnet_group.rds_sg",
            "aws_iam_instance_profile.ec2_profile",
            "aws_iam_role.ec2_role",
            "aws_instance.my_instance1",
            "aws_lb_target_group.mytg",
            "aws_security_group.ec2_sg",
            "aws_security_group.rds_sg",
            "aws_subnet.privatedbsubnet1",
            "aws_subnet.privatedbsubnet2",
            "aws_subnet.publicappsubnet1",
            "aws_vpc.my_vpc"
          ]
        }
      ]
    },
    {
      "mode": "managed",
      "type": "aws_lb_target_group_attachment",
      "name": "test2",
      "provider": "provider[\"registry.terraform.io/hashicorp/aws\"]",
      "instances": [
        {
          "schema_version": 0,
          "attributes": {
            "availability_zone": null,
            "id": "arn:aws:elasticloadbalancing:us-east-1:396890348614:targetgroup/mytg/8b6138fd218519ed,i-0f302380349de7ae1,8000",
            "port": 8000,
            "quic_server_id": null,
            "region": "us-east-1",
            "target_group_arn": "arn:aws:elasticloadbalancing:us-east-1:396890348614:targetgroup/mytg/8b6138fd218519ed",
            "target_id": "i-0f302380349de7ae1"
          },
          "sensitive_attributes": [],
          "identity_schema_version": 0,
          "identity": {
            "account_id": "396890348614",
            "availability_zone": null,
            "port": 8000,
            "quic_server_id": null,
            "region": "us-east-1",
            "target_group_arn": "arn:aws:elasticloadbalancing:us-east-1:396890348614:targetgroup/mytg/8b6138fd218519ed",
            "target_id": "i-0f302380349de7ae1"
          },
          "private": "bnVsbA==",
          "dependencies": [
            "aws_db_instance.my_rds",
            "aws_db_subnet_group.rds_sg",
            "aws_iam_instance_profile.ec2_profile",
            "aws_iam_role.ec2_role",
            "aws_instance.my_instance2",
            "aws_lb_target_group.mytg",
            "aws_security_group.ec2_sg",
            "aws_security_group.rds_sg",
            "aws_subnet.privatedbsubnet1",
            "aws_subnet.privatedbsubnet2",
            "aws_subnet.publicappsubnet2",
            "aws_vpc.my_vpc"
          ]
        }
      ]
    },
    {
      "mode": "managed",
      "type": "aws_route_table",
      "name": "private_route_table",
      "provider": "provider[\"registry.terraform.io/hashicorp/aws\"]",
      "instances": [
        {
          "schema_version": 0,
          "attributes": {
            "arn": "arn:aws:ec2:us-east-1:396890348614:route-table/rtb-0f2980b055d64140a",
            "id": "rtb-0f2980b055d64140a",
            "owner_id": "396890348614",
            "propagating_vgws": [],
            "region": "us-east-1",
            "route": [],
            "tags": {
              "Name": "private_route_table"
            },
            "tags_all": {
              "Name": "private_route_table"
            },
            "timeouts": null,
            "vpc_id": "vpc-0d291cc91fa688232"
          },
          "sensitive_attributes": [],
          "identity_schema_version": 0,
          "identity": {
            "account_id": "396890348614",
            "id": "rtb-0f2980b055d64140a",
            "region": "us-east-1"
          },
          "private": "eyJlMmJmYjczMC1lY2FhLTExZTYtOGY4OC0zNDM2M2JjN2M0YzAiOnsiY3JlYXRlIjozMDAwMDAwMDAwMDAsImRlbGV0ZSI6MzAwMDAwMDAwMDAwLCJ1cGRhdGUiOjEyMDAwMDAwMDAwMH19",
          "dependencies": [
            "aws_vpc.my_vpc"
          ]
        }
      ]
    },
    {
      "mode": "managed",
      "type": "aws_route_table",
      "name": "public_route_table",
      "provider": "provider[\"registry.terraform.io/hashicorp/aws\"]",
      "instances": [
        {
          "schema_version": 0,
          "attributes": {
            "arn": "arn:aws:ec2:us-east-1:396890348614:route-table/rtb-0acbf43db1dc7a1db",
            "id": "rtb-0acbf43db1dc7a1db",
            "owner_id": "396890348614",
            "propagating_vgws": [],
            "region": "us-east-1",
            "route": [
              {
                "carrier_gateway_id": "",
                "cidr_block": "0.0.0.0/0",
                "core_network_arn": "",
                "destination_prefix_list_id": "",
                "egress_only_gateway_id": "",
                "gateway_id": "igw-090f6da9de3b74ac2",
                "ipv6_cidr_block": "",
                "local_gateway_id": "",
                "nat_gateway_id": "",
                "network_interface_id": "",
                "transit_gateway_id": "",
                "vpc_endpoint_id": "",
                "vpc_peering_connection_id": ""
              }
            ],
            "tags": {
              "Name": "public_route_table"
            },
            "tags_all": {
              "Name": "public_route_table"
            },
            "timeouts": null,
            "vpc_id": "vpc-0d291cc91fa688232"
          },
          "sensitive_attributes": [],
          "identity_schema_version": 0,
          "identity": {
            "account_id": "396890348614",
            "id": "rtb-0acbf43db1dc7a1db",
            "region": "us-east-1"
          },
          "private": "eyJlMmJmYjczMC1lY2FhLTExZTYtOGY4OC0zNDM2M2JjN2M0YzAiOnsiY3JlYXRlIjozMDAwMDAwMDAwMDAsImRlbGV0ZSI6MzAwMDAwMDAwMDAwLCJ1cGRhdGUiOjEyMDAwMDAwMDAwMH19",
          "dependencies": [
            "aws_internet_gateway.my_int_gw",
            "aws_vpc.my_vpc"
          ]
        }
      ]
    },
    {
      "mode": "managed",
      "type": "aws_route_table_association",
      "name": "private_route_table_association2",
      "provider": "provider[\"registry.terraform.io/hashicorp/aws\"]",
      "instances": [
        {
          "schema_version": 0,
          "attributes": {
            "gateway_id": "",
            "id": "rtbassoc-0be88d3d15a45e7a0",
            "region": "us-east-1",
            "route_table_id": "rtb-0f2980b055d64140a",
            "subnet_id": "subnet-0aea62e830804b7e8",
            "timeouts": null
          },
          "sensitive_attributes": [],
          "identity_schema_version": 0,
          "identity": {
            "account_id": "396890348614",
            "id": "rtbassoc-0be88d3d15a45e7a0",
            "region": "us-east-1"
          },
          "private": "eyJlMmJmYjczMC1lY2FhLTExZTYtOGY4OC0zNDM2M2JjN2M0YzAiOnsiY3JlYXRlIjozMDAwMDAwMDAwMDAsImRlbGV0ZSI6MzAwMDAwMDAwMDAwLCJ1cGRhdGUiOjEyMDAwMDAwMDAwMH19",
          "dependencies": [
            "aws_route_table.private_route_table",
            "aws_subnet.privateappsubnet1",
            "aws_vpc.my_vpc"
          ]
        }
      ]
    },
    {
      "mode": "managed",
      "type": "aws_route_table_association",
      "name": "private_route_table_association3",
      "provider": "provider[\"registry.terraform.io/hashicorp/aws\"]",
      "instances": [
        {
          "schema_version": 0,
          "attributes": {
            "gateway_id": "",
            "id": "rtbassoc-04e577c902a6ab679",
            "region": "us-east-1",
            "route_table_id": "rtb-0f2980b055d64140a",
            "subnet_id": "subnet-0cabd08541741522e",
            "timeouts": null
          },
          "sensitive_attributes": [],
          "identity_schema_version": 0,
          "identity": {
            "account_id": "396890348614",
            "id": "rtbassoc-04e577c902a6ab679",
            "region": "us-east-1"
          },
          "private": "eyJlMmJmYjczMC1lY2FhLTExZTYtOGY4OC0zNDM2M2JjN2M0YzAiOnsiY3JlYXRlIjozMDAwMDAwMDAwMDAsImRlbGV0ZSI6MzAwMDAwMDAwMDAwLCJ1cGRhdGUiOjEyMDAwMDAwMDAwMH19",
          "dependencies": [
            "aws_route_table.private_route_table",
            "aws_subnet.privateappsubnet2",
            "aws_vpc.my_vpc"
          ]
        }
      ]
    },
    {
      "mode": "managed",
      "type": "aws_route_table_association",
      "name": "private_route_table_association4",
      "provider": "provider[\"registry.terraform.io/hashicorp/aws\"]",
      "instances": [
        {
          "schema_version": 0,
          "attributes": {
            "gateway_id": "",
            "id": "rtbassoc-0b600f661282f4161",
            "region": "us-east-1",
            "route_table_id": "rtb-0f2980b055d64140a",
            "subnet_id": "subnet-04d3dec27739563e5",
            "timeouts": null
          },
          "sensitive_attributes": [],
          "identity_schema_version": 0,
          "identity": {
            "account_id": "396890348614",
            "id": "rtbassoc-0b600f661282f4161",
            "region": "us-east-1"
          },
          "private": "eyJlMmJmYjczMC1lY2FhLTExZTYtOGY4OC0zNDM2M2JjN2M0YzAiOnsiY3JlYXRlIjozMDAwMDAwMDAwMDAsImRlbGV0ZSI6MzAwMDAwMDAwMDAwLCJ1cGRhdGUiOjEyMDAwMDAwMDAwMH19",
          "dependencies": [
            "aws_route_table.private_route_table",
            "aws_subnet.privatedbsubnet1",
            "aws_vpc.my_vpc"
          ]
        }
      ]
    },
    {
      "mode": "managed",
      "type": "aws_route_table_association",
      "name": "private_route_table_association5",
      "provider": "provider[\"registry.terraform.io/hashicorp/aws\"]",
      "instances": [
        {
          "schema_version": 0,
          "attributes": {
            "gateway_id": "",
            "id": "rtbassoc-01e9fc2d336a15b72",
            "region": "us-east-1",
            "route_table_id": "rtb-0f2980b055d64140a",
            "subnet_id": "subnet-06e370d40398a2247",
            "timeouts": null
          },
          "sensitive_attributes": [],
          "identity_schema_version": 0,
          "identity": {
            "account_id": "396890348614",
            "id": "rtbassoc-01e9fc2d336a15b72",
            "region": "us-east-1"
          },
          "private": "eyJlMmJmYjczMC1lY2FhLTExZTYtOGY4OC0zNDM2M2JjN2M0YzAiOnsiY3JlYXRlIjozMDAwMDAwMDAwMDAsImRlbGV0ZSI6MzAwMDAwMDAwMDAwLCJ1cGRhdGUiOjEyMDAwMDAwMDAwMH19",
          "dependencies": [
            "aws_route_table.private_route_table",
            "aws_subnet.privatedbsubnet2",
            "aws_vpc.my_vpc"
          ]
        }
      ]
    },
    {
      "mode": "managed",
      "type": "aws_route_table_association",
      "name": "public_route_table_association",
      "provider": "provider[\"registry.terraform.io/hashicorp/aws\"]",
      "instances": [
        {
          "schema_version": 0,
          "attributes": {
            "gateway_id": "",
            "id": "rtbassoc-0a11c61109904f21c",
            "region": "us-east-1",
            "route_table_id": "rtb-0acbf43db1dc7a1db",
            "subnet_id": "subnet-0c3c26103ea4703cd",
            "timeouts": null
          },
          "sensitive_attributes": [],
          "identity_schema_version": 0,
          "identity": {
            "account_id": "396890348614",
            "id": "rtbassoc-0a11c61109904f21c",
            "region": "us-east-1"
          },
          "private": "eyJlMmJmYjczMC1lY2FhLTExZTYtOGY4OC0zNDM2M2JjN2M0YzAiOnsiY3JlYXRlIjozMDAwMDAwMDAwMDAsImRlbGV0ZSI6MzAwMDAwMDAwMDAwLCJ1cGRhdGUiOjEyMDAwMDAwMDAwMH19",
          "dependencies": [
            "aws_internet_gateway.my_int_gw",
            "aws_route_table.public_route_table",
            "aws_subnet.publicappsubnet1",
            "aws_vpc.my_vpc"
          ]
        }
      ]
    },
    {
      "mode": "managed",
      "type": "aws_route_table_association",
      "name": "public_route_table_association1",
      "provider": "provider[\"registry.terraform.io/hashicorp/aws\"]",
      "instances": [
        {
          "schema_version": 0,
          "attributes": {
            "gateway_id": "",
            "id": "rtbassoc-070aab8823c965d0d",
            "region": "us-east-1",
            "route_table_id": "rtb-0acbf43db1dc7a1db",
            "subnet_id": "subnet-06262dd8db5e05446",
            "timeouts": null
          },
          "sensitive_attributes": [],
          "identity_schema_version": 0,
          "identity": {
            "account_id": "396890348614",
            "id": "rtbassoc-070aab8823c965d0d",
            "region": "us-east-1"
          },
          "private": "eyJlMmJmYjczMC1lY2FhLTExZTYtOGY4OC0zNDM2M2JjN2M0YzAiOnsiY3JlYXRlIjozMDAwMDAwMDAwMDAsImRlbGV0ZSI6MzAwMDAwMDAwMDAwLCJ1cGRhdGUiOjEyMDAwMDAwMDAwMH19",
          "dependencies": [
            "aws_internet_gateway.my_int_gw",
            "aws_route_table.public_route_table",
            "aws_subnet.publicappsubnet2",
            "aws_vpc.my_vpc"
          ]
        }
      ]
    },
    {
      "mode": "managed",
      "type": "aws_s3_bucket",
      "name": "example",
      "provider": "provider[\"registry.terraform.io/hashicorp/aws\"]",
      "instances": [
        {
          "schema_version": 0,
          "attributes": {
            "acceleration_status": "",
            "acl": null,
            "arn": "arn:aws:s3:::chandra-project-app-bucket",
            "bucket": "chandra-project-app-bucket",
            "bucket_domain_name": "chandra-project-app-bucket.s3.amazonaws.com",
            "bucket_namespace": "global",
            "bucket_prefix": "",
            "bucket_region": "us-east-1",
            "bucket_regional_domain_name": "chandra-project-app-bucket.s3.us-east-1.amazonaws.com",
            "cors_rule": [],
            "force_destroy": false,
            "grant": [
              {
                "id": "51d03375c81e0b3c167a2dd6e1f4b6308503d6f0dbb73f0cae7c7280fcce2194",
                "permissions": [
                  "FULL_CONTROL"
                ],
                "type": "CanonicalUser",
                "uri": ""
              }
            ],
            "hosted_zone_id": "Z3AQBSTGFYJSTF",
            "id": "chandra-project-app-bucket",
            "lifecycle_rule": [],
            "logging": [],
            "object_lock_configuration": [],
            "object_lock_enabled": false,
            "policy": "",
            "region": "us-east-1",
            "replication_configuration": [],
            "request_payer": "BucketOwner",
            "server_side_encryption_configuration": [
              {
                "rule": [
                  {
                    "apply_server_side_encryption_by_default": [
                      {
                        "kms_master_key_id": "",
                        "sse_algorithm": "AES256"
                      }
                    ],
                    "bucket_key_enabled": false
                  }
                ]
              }
            ],
            "tags": {
              "Name": "My bucket"
            },
            "tags_all": {
              "Name": "My bucket"
            },
            "timeouts": null,
            "versioning": [
              {
                "enabled": false,
                "mfa_delete": false
              }
            ],
            "website": [],
            "website_domain": null,
            "website_endpoint": null
          },
          "sensitive_attributes": [],
          "identity_schema_version": 0,
          "identity": {
            "account_id": "396890348614",
            "bucket": "chandra-project-app-bucket",
            "region": "us-east-1"
          },
          "private": "eyJlMmJmYjczMC1lY2FhLTExZTYtOGY4OC0zNDM2M2JjN2M0YzAiOnsiY3JlYXRlIjoxMjAwMDAwMDAwMDAwLCJkZWxldGUiOjM2MDAwMDAwMDAwMDAsInJlYWQiOjEyMDAwMDAwMDAwMDAsInVwZGF0ZSI6MTIwMDAwMDAwMDAwMH19"
        }
      ]
    },
    {
      "mode": "managed",
      "type": "aws_security_group",
      "name": "alb_sg",
      "provider": "provider[\"registry.terraform.io/hashicorp/aws\"]",
      "instances": [
        {
          "schema_version": 1,
          "attributes": {
            "arn": "arn:aws:ec2:us-east-1:396890348614:security-group/sg-0a83bc87c89be8589",
            "description": "Allow http inbound traffic from internet and all outbound traffic",
            "egress": [],
            "id": "sg-0a83bc87c89be8589",
            "ingress": [],
            "name": "alb_sg",
            "name_prefix": "",
            "owner_id": "396890348614",
            "region": "us-east-1",
            "revoke_rules_on_delete": false,
            "tags": {
              "Name": "alb_sg"
            },
            "tags_all": {
              "Name": "alb_sg"
            },
            "timeouts": null,
            "vpc_id": "vpc-0d291cc91fa688232"
          },
          "sensitive_attributes": [],
          "identity_schema_version": 0,
          "identity": {
            "account_id": "396890348614",
            "id": "sg-0a83bc87c89be8589",
            "region": "us-east-1"
          },
          "private": "eyJlMmJmYjczMC1lY2FhLTExZTYtOGY4OC0zNDM2M2JjN2M0YzAiOnsiY3JlYXRlIjo2MDAwMDAwMDAwMDAsImRlbGV0ZSI6OTAwMDAwMDAwMDAwfSwic2NoZW1hX3ZlcnNpb24iOiIxIn0=",
          "dependencies": [
            "aws_vpc.my_vpc"
          ]
        }
      ]
    },
    {
      "mode": "managed",
      "type": "aws_security_group",
      "name": "ec2_sg",
      "provider": "provider[\"registry.terraform.io/hashicorp/aws\"]",
      "instances": [
        {
          "schema_version": 1,
          "attributes": {
            "arn": "arn:aws:ec2:us-east-1:396890348614:security-group/sg-0802df8541d00e874",
            "description": "Allow http inbound traffic from alb and all outbound traffic",
            "egress": [],
            "id": "sg-0802df8541d00e874",
            "ingress": [],
            "name": "ec2_sg",
            "name_prefix": "",
            "owner_id": "396890348614",
            "region": "us-east-1",
            "revoke_rules_on_delete": false,
            "tags": {
              "Name": "ec2_sg"
            },
            "tags_all": {
              "Name": "ec2_sg"
            },
            "timeouts": null,
            "vpc_id": "vpc-0d291cc91fa688232"
          },
          "sensitive_attributes": [],
          "identity_schema_version": 0,
          "identity": {
            "account_id": "396890348614",
            "id": "sg-0802df8541d00e874",
            "region": "us-east-1"
          },
          "private": "eyJlMmJmYjczMC1lY2FhLTExZTYtOGY4OC0zNDM2M2JjN2M0YzAiOnsiY3JlYXRlIjo2MDAwMDAwMDAwMDAsImRlbGV0ZSI6OTAwMDAwMDAwMDAwfSwic2NoZW1hX3ZlcnNpb24iOiIxIn0=",
          "dependencies": [
            "aws_vpc.my_vpc"
          ]
        }
      ]
    },
    {
      "mode": "managed",
      "type": "aws_security_group",
      "name": "rds_sg",
      "provider": "provider[\"registry.terraform.io/hashicorp/aws\"]",
      "instances": [
        {
          "schema_version": 1,
          "attributes": {
            "arn": "arn:aws:ec2:us-east-1:396890348614:security-group/sg-0df39a7e60ab9939c",
            "description": "Allow traffic from ec2 to rds",
            "egress": [],
            "id": "sg-0df39a7e60ab9939c",
            "ingress": [],
            "name": "rds_sg",
            "name_prefix": "",
            "owner_id": "396890348614",
            "region": "us-east-1",
            "revoke_rules_on_delete": false,
            "tags": {
              "Name": "rds_sg"
            },
            "tags_all": {
              "Name": "rds_sg"
            },
            "timeouts": null,
            "vpc_id": "vpc-0d291cc91fa688232"
          },
          "sensitive_attributes": [],
          "identity_schema_version": 0,
          "identity": {
            "account_id": "396890348614",
            "id": "sg-0df39a7e60ab9939c",
            "region": "us-east-1"
          },
          "private": "eyJlMmJmYjczMC1lY2FhLTExZTYtOGY4OC0zNDM2M2JjN2M0YzAiOnsiY3JlYXRlIjo2MDAwMDAwMDAwMDAsImRlbGV0ZSI6OTAwMDAwMDAwMDAwfSwic2NoZW1hX3ZlcnNpb24iOiIxIn0=",
          "dependencies": [
            "aws_vpc.my_vpc"
          ]
        }
      ]
    },
    {
      "mode": "managed",
      "type": "aws_sns_topic",
      "name": "ec2cpuusage",
      "provider": "provider[\"registry.terraform.io/hashicorp/aws\"]",
      "instances": [
        {
          "schema_version": 0,
          "attributes": {
            "application_failure_feedback_role_arn": "",
            "application_success_feedback_role_arn": "",
            "application_success_feedback_sample_rate": 0,
            "archive_policy": "",
            "arn": "arn:aws:sns:us-east-1:396890348614:ec2-cpu-usage-topic",
            "beginning_archive_time": "",
            "content_based_deduplication": false,
            "delivery_policy": "",
            "display_name": "",
            "fifo_throughput_scope": "",
            "fifo_topic": false,
            "firehose_failure_feedback_role_arn": "",
            "firehose_success_feedback_role_arn": "",
            "firehose_success_feedback_sample_rate": 0,
            "http_failure_feedback_role_arn": "",
            "http_success_feedback_role_arn": "",
            "http_success_feedback_sample_rate": 0,
            "id": "arn:aws:sns:us-east-1:396890348614:ec2-cpu-usage-topic",
            "kms_master_key_id": "",
            "lambda_failure_feedback_role_arn": "",
            "lambda_success_feedback_role_arn": "",
            "lambda_success_feedback_sample_rate": 0,
            "name": "ec2-cpu-usage-topic",
            "name_prefix": "",
            "owner": "396890348614",
            "policy": "{\"Id\":\"__default_policy_ID\",\"Statement\":[{\"Action\":[\"SNS:GetTopicAttributes\",\"SNS:SetTopicAttributes\",\"SNS:AddPermission\",\"SNS:RemovePermission\",\"SNS:DeleteTopic\",\"SNS:Subscribe\",\"SNS:ListSubscriptionsByTopic\",\"SNS:Publish\"],\"Condition\":{\"StringEquals\":{\"AWS:SourceOwner\":\"396890348614\"}},\"Effect\":\"Allow\",\"Principal\":{\"AWS\":\"*\"},\"Resource\":\"arn:aws:sns:us-east-1:396890348614:ec2-cpu-usage-topic\",\"Sid\":\"__default_statement_ID\"}],\"Version\":\"2008-10-17\"}",
            "region": "us-east-1",
            "signature_version": 0,
            "sqs_failure_feedback_role_arn": "",
            "sqs_success_feedback_role_arn": "",
            "sqs_success_feedback_sample_rate": 0,
            "tags": null,
            "tags_all": {},
            "tracing_config": ""
          },
          "sensitive_attributes": [],
          "identity_schema_version": 0,
          "identity": {
            "arn": "arn:aws:sns:us-east-1:396890348614:ec2-cpu-usage-topic"
          },
          "private": "bnVsbA=="
        }
      ]
    },
    {
      "mode": "managed",
      "type": "aws_sns_topic",
      "name": "errors",
      "provider": "provider[\"registry.terraform.io/hashicorp/aws\"]",
      "instances": [
        {
          "schema_version": 0,
          "attributes": {
            "application_failure_feedback_role_arn": "",
            "application_success_feedback_role_arn": "",
            "application_success_feedback_sample_rate": 0,
            "archive_policy": "",
            "arn": "arn:aws:sns:us-east-1:396890348614:errors-topic",
            "beginning_archive_time": "",
            "content_based_deduplication": false,
            "delivery_policy": "",
            "display_name": "",
            "fifo_throughput_scope": "",
            "fifo_topic": false,
            "firehose_failure_feedback_role_arn": "",
            "firehose_success_feedback_role_arn": "",
            "firehose_success_feedback_sample_rate": 0,
            "http_failure_feedback_role_arn": "",
            "http_success_feedback_role_arn": "",
            "http_success_feedback_sample_rate": 0,
            "id": "arn:aws:sns:us-east-1:396890348614:errors-topic",
            "kms_master_key_id": "",
            "lambda_failure_feedback_role_arn": "",
            "lambda_success_feedback_role_arn": "",
            "lambda_success_feedback_sample_rate": 0,
            "name": "errors-topic",
            "name_prefix": "",
            "owner": "396890348614",
            "policy": "{\"Id\":\"__default_policy_ID\",\"Statement\":[{\"Action\":[\"SNS:GetTopicAttributes\",\"SNS:SetTopicAttributes\",\"SNS:AddPermission\",\"SNS:RemovePermission\",\"SNS:DeleteTopic\",\"SNS:Subscribe\",\"SNS:ListSubscriptionsByTopic\",\"SNS:Publish\"],\"Condition\":{\"StringEquals\":{\"AWS:SourceOwner\":\"396890348614\"}},\"Effect\":\"Allow\",\"Principal\":{\"AWS\":\"*\"},\"Resource\":\"arn:aws:sns:us-east-1:396890348614:errors-topic\",\"Sid\":\"__default_statement_ID\"}],\"Version\":\"2008-10-17\"}",
            "region": "us-east-1",
            "signature_version": 0,
            "sqs_failure_feedback_role_arn": "",
            "sqs_success_feedback_role_arn": "",
            "sqs_success_feedback_sample_rate": 0,
            "tags": null,
            "tags_all": {},
            "tracing_config": ""
          },
          "sensitive_attributes": [],
          "identity_schema_version": 0,
          "identity": {
            "arn": "arn:aws:sns:us-east-1:396890348614:errors-topic"
          },
          "private": "bnVsbA=="
        }
      ]
    },
    {
      "mode": "managed",
      "type": "aws_sns_topic_subscription",
      "name": "ec2cpuusage_email",
      "provider": "provider[\"registry.terraform.io/hashicorp/aws\"]",
      "instances": [
        {
          "schema_version": 0,
          "attributes": {
            "arn": "arn:aws:sns:us-east-1:396890348614:ec2-cpu-usage-topic:614f69ee-74e5-4e0c-9daa-7d17923b12e4",
            "confirmation_timeout_in_minutes": 1,
            "confirmation_was_authenticated": false,
            "delivery_policy": "",
            "endpoint": "giri.s.chandrashekar@gmail.com",
            "endpoint_auto_confirms": false,
            "filter_policy": "",
            "filter_policy_scope": "",
            "id": "arn:aws:sns:us-east-1:396890348614:ec2-cpu-usage-topic:614f69ee-74e5-4e0c-9daa-7d17923b12e4",
            "owner_id": "396890348614",
            "pending_confirmation": true,
            "protocol": "email",
            "raw_message_delivery": false,
            "redrive_policy": "",
            "region": "us-east-1",
            "replay_policy": "",
            "subscription_role_arn": "",
            "topic_arn": "arn:aws:sns:us-east-1:396890348614:ec2-cpu-usage-topic"
          },
          "sensitive_attributes": [],
          "identity_schema_version": 0,
          "identity": {
            "arn": "arn:aws:sns:us-east-1:396890348614:ec2-cpu-usage-topic:614f69ee-74e5-4e0c-9daa-7d17923b12e4"
          },
          "private": "bnVsbA==",
          "dependencies": [
            "aws_sns_topic.ec2cpuusage"
          ]
        }
      ]
    },
    {
      "mode": "managed",
      "type": "aws_sns_topic_subscription",
      "name": "errors_email",
      "provider": "provider[\"registry.terraform.io/hashicorp/aws\"]",
      "instances": [
        {
          "schema_version": 0,
          "attributes": {
            "arn": "arn:aws:sns:us-east-1:396890348614:errors-topic:b3febfa6-5fc9-4251-9bb3-85ec92247a4e",
            "confirmation_timeout_in_minutes": 1,
            "confirmation_was_authenticated": false,
            "delivery_policy": "",
            "endpoint": "giri.s.chandrashekar@gmail.com",
            "endpoint_auto_confirms": false,
            "filter_policy": "",
            "filter_policy_scope": "",
            "id": "arn:aws:sns:us-east-1:396890348614:errors-topic:b3febfa6-5fc9-4251-9bb3-85ec92247a4e",
            "owner_id": "396890348614",
            "pending_confirmation": true,
            "protocol": "email",
            "raw_message_delivery": false,
            "redrive_policy": "",
            "region": "us-east-1",
            "replay_policy": "",
            "subscription_role_arn": "",
            "topic_arn": "arn:aws:sns:us-east-1:396890348614:errors-topic"
          },
          "sensitive_attributes": [],
          "identity_schema_version": 0,
          "identity": {
            "arn": "arn:aws:sns:us-east-1:396890348614:errors-topic:b3febfa6-5fc9-4251-9bb3-85ec92247a4e"
          },
          "private": "bnVsbA==",
          "dependencies": [
            "aws_sns_topic.errors"
          ]
        }
      ]
    },
    {
      "mode": "managed",
      "type": "aws_subnet",
      "name": "privateappsubnet1",
      "provider": "provider[\"registry.terraform.io/hashicorp/aws\"]",
      "instances": [
        {
          "schema_version": 1,
          "attributes": {
            "arn": "arn:aws:ec2:us-east-1:396890348614:subnet/subnet-0aea62e830804b7e8",
            "assign_ipv6_address_on_creation": false,
            "availability_zone": "us-east-1a",
            "availability_zone_id": "use1-az1",
            "cidr_block": "10.0.3.0/24",
            "customer_owned_ipv4_pool": "",
            "enable_dns64": false,
            "enable_lni_at_device_index": 0,
            "enable_resource_name_dns_a_record_on_launch": false,
            "enable_resource_name_dns_aaaa_record_on_launch": false,
            "id": "subnet-0aea62e830804b7e8",
            "ipv4_ipam_pool_id": null,
            "ipv4_netmask_length": null,
            "ipv6_cidr_block": "",
            "ipv6_cidr_block_association_id": "",
            "ipv6_ipam_pool_id": null,
            "ipv6_native": false,
            "ipv6_netmask_length": null,
            "map_customer_owned_ip_on_launch": false,
            "map_public_ip_on_launch": false,
            "outpost_arn": "",
            "owner_id": "396890348614",
            "private_dns_hostname_type_on_launch": "ip-name",
            "region": "us-east-1",
            "tags": {
              "Name": "privateappsubnet1"
            },
            "tags_all": {
              "Name": "privateappsubnet1"
            },
            "timeouts": null,
            "vpc_id": "vpc-0d291cc91fa688232"
          },
          "sensitive_attributes": [],
          "identity_schema_version": 0,
          "identity": {
            "account_id": "396890348614",
            "id": "subnet-0aea62e830804b7e8",
            "region": "us-east-1"
          },
          "private": "eyJlMmJmYjczMC1lY2FhLTExZTYtOGY4OC0zNDM2M2JjN2M0YzAiOnsiY3JlYXRlIjo2MDAwMDAwMDAwMDAsImRlbGV0ZSI6MTIwMDAwMDAwMDAwMH0sInNjaGVtYV92ZXJzaW9uIjoiMSJ9",
          "dependencies": [
            "aws_vpc.my_vpc"
          ]
        }
      ]
    },
    {
      "mode": "managed",
      "type": "aws_subnet",
      "name": "privateappsubnet2",
      "provider": "provider[\"registry.terraform.io/hashicorp/aws\"]",
      "instances": [
        {
          "schema_version": 1,
          "attributes": {
            "arn": "arn:aws:ec2:us-east-1:396890348614:subnet/subnet-0cabd08541741522e",
            "assign_ipv6_address_on_creation": false,
            "availability_zone": "us-east-1b",
            "availability_zone_id": "use1-az2",
            "cidr_block": "10.0.4.0/24",
            "customer_owned_ipv4_pool": "",
            "enable_dns64": false,
            "enable_lni_at_device_index": 0,
            "enable_resource_name_dns_a_record_on_launch": false,
            "enable_resource_name_dns_aaaa_record_on_launch": false,
            "id": "subnet-0cabd08541741522e",
            "ipv4_ipam_pool_id": null,
            "ipv4_netmask_length": null,
            "ipv6_cidr_block": "",
            "ipv6_cidr_block_association_id": "",
            "ipv6_ipam_pool_id": null,
            "ipv6_native": false,
            "ipv6_netmask_length": null,
            "map_customer_owned_ip_on_launch": false,
            "map_public_ip_on_launch": false,
            "outpost_arn": "",
            "owner_id": "396890348614",
            "private_dns_hostname_type_on_launch": "ip-name",
            "region": "us-east-1",
            "tags": {
              "Name": "privateappsubnet2"
            },
            "tags_all": {
              "Name": "privateappsubnet2"
            },
            "timeouts": null,
            "vpc_id": "vpc-0d291cc91fa688232"
          },
          "sensitive_attributes": [],
          "identity_schema_version": 0,
          "identity": {
            "account_id": "396890348614",
            "id": "subnet-0cabd08541741522e",
            "region": "us-east-1"
          },
          "private": "eyJlMmJmYjczMC1lY2FhLTExZTYtOGY4OC0zNDM2M2JjN2M0YzAiOnsiY3JlYXRlIjo2MDAwMDAwMDAwMDAsImRlbGV0ZSI6MTIwMDAwMDAwMDAwMH0sInNjaGVtYV92ZXJzaW9uIjoiMSJ9",
          "dependencies": [
            "aws_vpc.my_vpc"
          ]
        }
      ]
    },
    {
      "mode": "managed",
      "type": "aws_subnet",
      "name": "privatedbsubnet1",
      "provider": "provider[\"registry.terraform.io/hashicorp/aws\"]",
      "instances": [
        {
          "schema_version": 1,
          "attributes": {
            "arn": "arn:aws:ec2:us-east-1:396890348614:subnet/subnet-04d3dec27739563e5",
            "assign_ipv6_address_on_creation": false,
            "availability_zone": "us-east-1a",
            "availability_zone_id": "use1-az1",
            "cidr_block": "10.0.5.0/24",
            "customer_owned_ipv4_pool": "",
            "enable_dns64": false,
            "enable_lni_at_device_index": 0,
            "enable_resource_name_dns_a_record_on_launch": false,
            "enable_resource_name_dns_aaaa_record_on_launch": false,
            "id": "subnet-04d3dec27739563e5",
            "ipv4_ipam_pool_id": null,
            "ipv4_netmask_length": null,
            "ipv6_cidr_block": "",
            "ipv6_cidr_block_association_id": "",
            "ipv6_ipam_pool_id": null,
            "ipv6_native": false,
            "ipv6_netmask_length": null,
            "map_customer_owned_ip_on_launch": false,
            "map_public_ip_on_launch": false,
            "outpost_arn": "",
            "owner_id": "396890348614",
            "private_dns_hostname_type_on_launch": "ip-name",
            "region": "us-east-1",
            "tags": {
              "Name": "privatedbsubnet1"
            },
            "tags_all": {
              "Name": "privatedbsubnet1"
            },
            "timeouts": null,
            "vpc_id": "vpc-0d291cc91fa688232"
          },
          "sensitive_attributes": [],
          "identity_schema_version": 0,
          "identity": {
            "account_id": "396890348614",
            "id": "subnet-04d3dec27739563e5",
            "region": "us-east-1"
          },
          "private": "eyJlMmJmYjczMC1lY2FhLTExZTYtOGY4OC0zNDM2M2JjN2M0YzAiOnsiY3JlYXRlIjo2MDAwMDAwMDAwMDAsImRlbGV0ZSI6MTIwMDAwMDAwMDAwMH0sInNjaGVtYV92ZXJzaW9uIjoiMSJ9",
          "dependencies": [
            "aws_vpc.my_vpc"
          ]
        }
      ]
    },
    {
      "mode": "managed",
      "type": "aws_subnet",
      "name": "privatedbsubnet2",
      "provider": "provider[\"registry.terraform.io/hashicorp/aws\"]",
      "instances": [
        {
          "schema_version": 1,
          "attributes": {
            "arn": "arn:aws:ec2:us-east-1:396890348614:subnet/subnet-06e370d40398a2247",
            "assign_ipv6_address_on_creation": false,
            "availability_zone": "us-east-1b",
            "availability_zone_id": "use1-az2",
            "cidr_block": "10.0.6.0/24",
            "customer_owned_ipv4_pool": "",
            "enable_dns64": false,
            "enable_lni_at_device_index": 0,
            "enable_resource_name_dns_a_record_on_launch": false,
            "enable_resource_name_dns_aaaa_record_on_launch": false,
            "id": "subnet-06e370d40398a2247",
            "ipv4_ipam_pool_id": null,
            "ipv4_netmask_length": null,
            "ipv6_cidr_block": "",
            "ipv6_cidr_block_association_id": "",
            "ipv6_ipam_pool_id": null,
            "ipv6_native": false,
            "ipv6_netmask_length": null,
            "map_customer_owned_ip_on_launch": false,
            "map_public_ip_on_launch": false,
            "outpost_arn": "",
            "owner_id": "396890348614",
            "private_dns_hostname_type_on_launch": "ip-name",
            "region": "us-east-1",
            "tags": {
              "Name": "privatedbsubnet2"
            },
            "tags_all": {
              "Name": "privatedbsubnet2"
            },
            "timeouts": null,
            "vpc_id": "vpc-0d291cc91fa688232"
          },
          "sensitive_attributes": [],
          "identity_schema_version": 0,
          "identity": {
            "account_id": "396890348614",
            "id": "subnet-06e370d40398a2247",
            "region": "us-east-1"
          },
          "private": "eyJlMmJmYjczMC1lY2FhLTExZTYtOGY4OC0zNDM2M2JjN2M0YzAiOnsiY3JlYXRlIjo2MDAwMDAwMDAwMDAsImRlbGV0ZSI6MTIwMDAwMDAwMDAwMH0sInNjaGVtYV92ZXJzaW9uIjoiMSJ9",
          "dependencies": [
            "aws_vpc.my_vpc"
          ]
        }
      ]
    },
    {
      "mode": "managed",
      "type": "aws_subnet",
      "name": "publicappsubnet1",
      "provider": "provider[\"registry.terraform.io/hashicorp/aws\"]",
      "instances": [
        {
          "schema_version": 1,
          "attributes": {
            "arn": "arn:aws:ec2:us-east-1:396890348614:subnet/subnet-0c3c26103ea4703cd",
            "assign_ipv6_address_on_creation": false,
            "availability_zone": "us-east-1a",
            "availability_zone_id": "use1-az1",
            "cidr_block": "10.0.1.0/24",
            "customer_owned_ipv4_pool": "",
            "enable_dns64": false,
            "enable_lni_at_device_index": 0,
            "enable_resource_name_dns_a_record_on_launch": false,
            "enable_resource_name_dns_aaaa_record_on_launch": false,
            "id": "subnet-0c3c26103ea4703cd",
            "ipv4_ipam_pool_id": null,
            "ipv4_netmask_length": null,
            "ipv6_cidr_block": "",
            "ipv6_cidr_block_association_id": "",
            "ipv6_ipam_pool_id": null,
            "ipv6_native": false,
            "ipv6_netmask_length": null,
            "map_customer_owned_ip_on_launch": false,
            "map_public_ip_on_launch": true,
            "outpost_arn": "",
            "owner_id": "396890348614",
            "private_dns_hostname_type_on_launch": "ip-name",
            "region": "us-east-1",
            "tags": {
              "Name": "publicappsubnet1"
            },
            "tags_all": {
              "Name": "publicappsubnet1"
            },
            "timeouts": null,
            "vpc_id": "vpc-0d291cc91fa688232"
          },
          "sensitive_attributes": [],
          "identity_schema_version": 0,
          "identity": {
            "account_id": "396890348614",
            "id": "subnet-0c3c26103ea4703cd",
            "region": "us-east-1"
          },
          "private": "eyJlMmJmYjczMC1lY2FhLTExZTYtOGY4OC0zNDM2M2JjN2M0YzAiOnsiY3JlYXRlIjo2MDAwMDAwMDAwMDAsImRlbGV0ZSI6MTIwMDAwMDAwMDAwMH0sInNjaGVtYV92ZXJzaW9uIjoiMSJ9",
          "dependencies": [
            "aws_vpc.my_vpc"
          ]
        }
      ]
    },
    {
      "mode": "managed",
      "type": "aws_subnet",
      "name": "publicappsubnet2",
      "provider": "provider[\"registry.terraform.io/hashicorp/aws\"]",
      "instances": [
        {
          "schema_version": 1,
          "attributes": {
            "arn": "arn:aws:ec2:us-east-1:396890348614:subnet/subnet-06262dd8db5e05446",
            "assign_ipv6_address_on_creation": false,
            "availability_zone": "us-east-1b",
            "availability_zone_id": "use1-az2",
            "cidr_block": "10.0.2.0/24",
            "customer_owned_ipv4_pool": "",
            "enable_dns64": false,
            "enable_lni_at_device_index": 0,
            "enable_resource_name_dns_a_record_on_launch": false,
            "enable_resource_name_dns_aaaa_record_on_launch": false,
            "id": "subnet-06262dd8db5e05446",
            "ipv4_ipam_pool_id": null,
            "ipv4_netmask_length": null,
            "ipv6_cidr_block": "",
            "ipv6_cidr_block_association_id": "",
            "ipv6_ipam_pool_id": null,
            "ipv6_native": false,
            "ipv6_netmask_length": null,
            "map_customer_owned_ip_on_launch": false,
            "map_public_ip_on_launch": true,
            "outpost_arn": "",
            "owner_id": "396890348614",
            "private_dns_hostname_type_on_launch": "ip-name",
            "region": "us-east-1",
            "tags": {
              "Name": "publicappsubnet2"
            },
            "tags_all": {
              "Name": "publicappsubnet2"
            },
            "timeouts": null,
            "vpc_id": "vpc-0d291cc91fa688232"
          },
          "sensitive_attributes": [],
          "identity_schema_version": 0,
          "identity": {
            "account_id": "396890348614",
            "id": "subnet-06262dd8db5e05446",
            "region": "us-east-1"
          },
          "private": "eyJlMmJmYjczMC1lY2FhLTExZTYtOGY4OC0zNDM2M2JjN2M0YzAiOnsiY3JlYXRlIjo2MDAwMDAwMDAwMDAsImRlbGV0ZSI6MTIwMDAwMDAwMDAwMH0sInNjaGVtYV92ZXJzaW9uIjoiMSJ9",
          "dependencies": [
            "aws_vpc.my_vpc"
          ]
        }
      ]
    },
    {
      "mode": "managed",
      "type": "aws_vpc",
      "name": "my_vpc",
      "provider": "provider[\"registry.terraform.io/hashicorp/aws\"]",
      "instances": [
        {
          "schema_version": 1,
          "attributes": {
            "arn": "arn:aws:ec2:us-east-1:396890348614:vpc/vpc-0d291cc91fa688232",
            "assign_generated_ipv6_cidr_block": false,
            "cidr_block": "10.0.0.0/16",
            "default_network_acl_id": "acl-0c19035481c8c1302",
            "default_route_table_id": "rtb-080775ffd2715e981",
            "default_security_group_id": "sg-0b70edfd9fb1c2a8d",
            "dhcp_options_id": "dopt-09a8644ff20e5c0a7",
            "enable_dns_hostnames": false,
            "enable_dns_support": true,
            "enable_network_address_usage_metrics": false,
            "id": "vpc-0d291cc91fa688232",
            "instance_tenancy": "default",
            "ipv4_ipam_pool_id": null,
            "ipv4_netmask_length": null,
            "ipv6_association_id": "",
            "ipv6_cidr_block": "",
            "ipv6_cidr_block_network_border_group": "",
            "ipv6_ipam_pool_id": "",
            "ipv6_netmask_length": 0,
            "main_route_table_id": "rtb-080775ffd2715e981",
            "owner_id": "396890348614",
            "region": "us-east-1",
            "tags": {
              "Name": "my_vpc"
            },
            "tags_all": {
              "Name": "my_vpc"
            }
          },
          "sensitive_attributes": [],
          "identity_schema_version": 0,
          "identity": {
            "account_id": "396890348614",
            "id": "vpc-0d291cc91fa688232",
            "region": "us-east-1"
          },
          "private": "eyJzY2hlbWFfdmVyc2lvbiI6IjEifQ=="
        }
      ]
    },
    {
      "mode": "managed",
      "type": "aws_vpc_security_group_egress_rule",
      "name": "allow_all_traffic",
      "provider": "provider[\"registry.terraform.io/hashicorp/aws\"]",
      "instances": [
        {
          "schema_version": 0,
          "attributes": {
            "arn": "arn:aws:ec2:us-east-1:396890348614:security-group-rule/sgr-0da73c660d6b488a0",
            "cidr_ipv4": "0.0.0.0/0",
            "cidr_ipv6": null,
            "description": null,
            "from_port": null,
            "id": "sgr-0da73c660d6b488a0",
            "ip_protocol": "-1",
            "prefix_list_id": null,
            "referenced_security_group_id": null,
            "region": "us-east-1",
            "security_group_id": "sg-0802df8541d00e874",
            "security_group_rule_id": "sgr-0da73c660d6b488a0",
            "tags": null,
            "tags_all": {},
            "to_port": null
          },
          "sensitive_attributes": [],
          "identity_schema_version": 0,
          "identity": {
            "account_id": "396890348614",
            "id": "sgr-0da73c660d6b488a0",
            "region": "us-east-1"
          },
          "dependencies": [
            "aws_security_group.ec2_sg",
            "aws_vpc.my_vpc"
          ]
        }
      ]
    },
    {
      "mode": "managed",
      "type": "aws_vpc_security_group_egress_rule",
      "name": "allow_all_traffic_ipv4",
      "provider": "provider[\"registry.terraform.io/hashicorp/aws\"]",
      "instances": [
        {
          "schema_version": 0,
          "attributes": {
            "arn": "arn:aws:ec2:us-east-1:396890348614:security-group-rule/sgr-01826c57c1d309513",
            "cidr_ipv4": "0.0.0.0/0",
            "cidr_ipv6": null,
            "description": null,
            "from_port": null,
            "id": "sgr-01826c57c1d309513",
            "ip_protocol": "-1",
            "prefix_list_id": null,
            "referenced_security_group_id": null,
            "region": "us-east-1",
            "security_group_id": "sg-0a83bc87c89be8589",
            "security_group_rule_id": "sgr-01826c57c1d309513",
            "tags": null,
            "tags_all": {},
            "to_port": null
          },
          "sensitive_attributes": [],
          "identity_schema_version": 0,
          "identity": {
            "account_id": "396890348614",
            "id": "sgr-01826c57c1d309513",
            "region": "us-east-1"
          },
          "dependencies": [
            "aws_security_group.alb_sg",
            "aws_vpc.my_vpc"
          ]
        }
      ]
    },
    {
      "mode": "managed",
      "type": "aws_vpc_security_group_egress_rule",
      "name": "allow_all_traffics",
      "provider": "provider[\"registry.terraform.io/hashicorp/aws\"]",
      "instances": [
        {
          "schema_version": 0,
          "attributes": {
            "arn": "arn:aws:ec2:us-east-1:396890348614:security-group-rule/sgr-0f50eddeb171a6d6b",
            "cidr_ipv4": "0.0.0.0/0",
            "cidr_ipv6": null,
            "description": null,
            "from_port": null,
            "id": "sgr-0f50eddeb171a6d6b",
            "ip_protocol": "-1",
            "prefix_list_id": null,
            "referenced_security_group_id": null,
            "region": "us-east-1",
            "security_group_id": "sg-0df39a7e60ab9939c",
            "security_group_rule_id": "sgr-0f50eddeb171a6d6b",
            "tags": null,
            "tags_all": {},
            "to_port": null
          },
          "sensitive_attributes": [],
          "identity_schema_version": 0,
          "identity": {
            "account_id": "396890348614",
            "id": "sgr-0f50eddeb171a6d6b",
            "region": "us-east-1"
          },
          "dependencies": [
            "aws_security_group.rds_sg",
            "aws_vpc.my_vpc"
          ]
        }
      ]
    },
    {
      "mode": "managed",
      "type": "aws_vpc_security_group_ingress_rule",
      "name": "allow",
      "provider": "provider[\"registry.terraform.io/hashicorp/aws\"]",
      "instances": [
        {
          "schema_version": 0,
          "attributes": {
            "arn": "arn:aws:ec2:us-east-1:396890348614:security-group-rule/sgr-0f0302619fb1ee8c1",
            "cidr_ipv4": null,
            "cidr_ipv6": null,
            "description": null,
            "from_port": 8000,
            "id": "sgr-0f0302619fb1ee8c1",
            "ip_protocol": "tcp",
            "prefix_list_id": null,
            "referenced_security_group_id": "sg-0a83bc87c89be8589",
            "region": "us-east-1",
            "security_group_id": "sg-0802df8541d00e874",
            "security_group_rule_id": "sgr-0f0302619fb1ee8c1",
            "tags": null,
            "tags_all": {},
            "to_port": 8000
          },
          "sensitive_attributes": [],
          "identity_schema_version": 0,
          "identity": {
            "account_id": "396890348614",
            "id": "sgr-0f0302619fb1ee8c1",
            "region": "us-east-1"
          },
          "dependencies": [
            "aws_security_group.alb_sg",
            "aws_security_group.ec2_sg",
            "aws_vpc.my_vpc"
          ]
        }
      ]
    },
    {
      "mode": "managed",
      "type": "aws_vpc_security_group_ingress_rule",
      "name": "allow_ipv4",
      "provider": "provider[\"registry.terraform.io/hashicorp/aws\"]",
      "instances": [
        {
          "schema_version": 0,
          "attributes": {
            "arn": "arn:aws:ec2:us-east-1:396890348614:security-group-rule/sgr-024ab16a4957c3475",
            "cidr_ipv4": "0.0.0.0/0",
            "cidr_ipv6": null,
            "description": null,
            "from_port": 80,
            "id": "sgr-024ab16a4957c3475",
            "ip_protocol": "tcp",
            "prefix_list_id": null,
            "referenced_security_group_id": null,
            "region": "us-east-1",
            "security_group_id": "sg-0a83bc87c89be8589",
            "security_group_rule_id": "sgr-024ab16a4957c3475",
            "tags": null,
            "tags_all": {},
            "to_port": 80
          },
          "sensitive_attributes": [],
          "identity_schema_version": 0,
          "identity": {
            "account_id": "396890348614",
            "id": "sgr-024ab16a4957c3475",
            "region": "us-east-1"
          },
          "dependencies": [
            "aws_security_group.alb_sg",
            "aws_vpc.my_vpc"
          ]
        }
      ]
    },
    {
      "mode": "managed",
      "type": "aws_vpc_security_group_ingress_rule",
      "name": "allow_ipv4_from_ec2",
      "provider": "provider[\"registry.terraform.io/hashicorp/aws\"]",
      "instances": [
        {
          "schema_version": 0,
          "attributes": {
            "arn": "arn:aws:ec2:us-east-1:396890348614:security-group-rule/sgr-0c854f735bb90abf3",
            "cidr_ipv4": "0.0.0.0/0",
            "cidr_ipv6": null,
            "description": null,
            "from_port": 22,
            "id": "sgr-0c854f735bb90abf3",
            "ip_protocol": "tcp",
            "prefix_list_id": null,
            "referenced_security_group_id": null,
            "region": "us-east-1",
            "security_group_id": "sg-0802df8541d00e874",
            "security_group_rule_id": "sgr-0c854f735bb90abf3",
            "tags": null,
            "tags_all": {},
            "to_port": 22
          },
          "sensitive_attributes": [],
          "identity_schema_version": 0,
          "identity": {
            "account_id": "396890348614",
            "id": "sgr-0c854f735bb90abf3",
            "region": "us-east-1"
          },
          "dependencies": [
            "aws_security_group.ec2_sg",
            "aws_vpc.my_vpc"
          ]
        }
      ]
    },
    {
      "mode": "managed",
      "type": "aws_vpc_security_group_ingress_rule",
      "name": "allows",
      "provider": "provider[\"registry.terraform.io/hashicorp/aws\"]",
      "instances": [
        {
          "schema_version": 0,
          "attributes": {
            "arn": "arn:aws:ec2:us-east-1:396890348614:security-group-rule/sgr-0a72eec5ac06423ad",
            "cidr_ipv4": null,
            "cidr_ipv6": null,
            "description": null,
            "from_port": 3306,
            "id": "sgr-0a72eec5ac06423ad",
            "ip_protocol": "tcp",
            "prefix_list_id": null,
            "referenced_security_group_id": "sg-0802df8541d00e874",
            "region": "us-east-1",
            "security_group_id": "sg-0df39a7e60ab9939c",
            "security_group_rule_id": "sgr-0a72eec5ac06423ad",
            "tags": null,
            "tags_all": {},
            "to_port": 3306
          },
          "sensitive_attributes": [],
          "identity_schema_version": 0,
          "identity": {
            "account_id": "396890348614",
            "id": "sgr-0a72eec5ac06423ad",
            "region": "us-east-1"
          },
          "dependencies": [
            "aws_security_group.ec2_sg",
            "aws_security_group.rds_sg",
            "aws_vpc.my_vpc"
          ]
        }
      ]
    }
  ],
  "check_results": null
}
